
Microsoft Visual Studio Solution File, Format Version 10.00
# Visual Studio 2008
Project("{FAE04EC0-301F-11D3-BF4B-00C04F79EFBC}") = "CShap_ClientSocket", "CShap_ClientSocket\CShap_ClientSocket.csproj", "{0D7C25E2-C3AC-48A6-8EFF-92113C04D7E7}"
EndProject
Project("{8BC9CEB8-8B4A-11D0-8D11-00A0C91BC942}") = "BaseballClientNetworkDLL", "BaseballClientNetworkDLL\BaseballClientNetworkDLL.vcproj", "{B92EE621-CF71-4F93-8C8A-2A46A6C92D40}"
EndProject
Global
	GlobalSection(SolutionConfigurationPlatforms) = preSolution
		MDebug|Any CPU = MDebug|Any CPU
		MDebug|Mixed Platforms = MDebug|Mixed Platforms
		MDebug|Win32 = MDebug|Win32
		MDebug|x64 = MDebug|x64
		MRelease|Any CPU = MRelease|Any CPU
		MRelease|Mixed Platforms = MRelease|Mixed Platforms
		MRelease|Win32 = MRelease|Win32
		MRelease|x64 = MRelease|x64
	EndGlobalSection
	GlobalSection(ProjectConfigurationPlatforms) = postSolution
		{0D7C25E2-C3AC-48A6-8EFF-92113C04D7E7}.MDebug|Any CPU.ActiveCfg = Debug|Any CPU
		{0D7C25E2-C3AC-48A6-8EFF-92113C04D7E7}.MDebug|Any CPU.Build.0 = Debug|Any CPU
		{0D7C25E2-C3AC-48A6-8EFF-92113C04D7E7}.MDebug|Mixed Platforms.ActiveCfg = MDebug|Any CPU
		{0D7C25E2-C3AC-48A6-8EFF-92113C04D7E7}.MDebug|Mixed Platforms.Build.0 = MDebug|Any CPU
		{0D7C25E2-C3AC-48A6-8EFF-92113C04D7E7}.MDebug|Win32.ActiveCfg = Debug|Any CPU
		{0D7C25E2-C3AC-48A6-8EFF-92113C04D7E7}.MDebug|x64.ActiveCfg = MDebug|Any CPU
		{0D7C25E2-C3AC-48A6-8EFF-92113C04D7E7}.MDebug|x64.Build.0 = MDebug|Any CPU
		{0D7C25E2-C3AC-48A6-8EFF-92113C04D7E7}.MRelease|Any CPU.ActiveCfg = Release|Any CPU
		{0D7C25E2-C3AC-48A6-8EFF-92113C04D7E7}.MRelease|Any CPU.Build.0 = Release|Any CPU
		{0D7C25E2-C3AC-48A6-8EFF-92113C04D7E7}.MRelease|Mixed Platforms.ActiveCfg = Release|Any CPU
		{0D7C25E2-C3AC-48A6-8EFF-92113C04D7E7}.MRelease|Mixed Platforms.Build.0 = Release|Any CPU
		{0D7C25E2-C3AC-48A6-8EFF-92113C04D7E7}.MRelease|Win32.ActiveCfg = Release|Any CPU
		{0D7C25E2-C3AC-48A6-8EFF-92113C04D7E7}.MRelease|x64.ActiveCfg = Release|Any CPU
		{B92EE621-CF71-4F93-8C8A-2A46A6C92D40}.MDebug|Any CPU.ActiveCfg = MDebug|x64
		{B92EE621-CF71-4F93-8C8A-2A46A6C92D40}.MDebug|Mixed Platforms.ActiveCfg = MDebug|x64
		{B92EE621-CF71-4F93-8C8A-2A46A6C92D40}.MDebug|Mixed Platforms.Build.0 = MDebug|x64
		{B92EE621-CF71-4F93-8C8A-2A46A6C92D40}.MDebug|Win32.ActiveCfg = MDebug|Win32
		{B92EE621-CF71-4F93-8C8A-2A46A6C92D40}.MDebug|Win32.Build.0 = MDebug|Win32
		{B92EE621-CF71-4F93-8C8A-2A46A6C92D40}.MDebug|x64.ActiveCfg = MRelease|x64
		{B92EE621-CF71-4F93-8C8A-2A46A6C92D40}.MDebug|x64.Build.0 = MRelease|x64
		{B92EE621-CF71-4F93-8C8A-2A46A6C92D40}.MRelease|Any CPU.ActiveCfg = MRelease|x64
		{B92EE621-CF71-4F93-8C8A-2A46A6C92D40}.MRelease|Mixed Platforms.ActiveCfg = MRelease|x64
		{B92EE621-CF71-4F93-8C8A-2A46A6C92D40}.MRelease|Mixed Platforms.Build.0 = MRelease|x64
		{B92EE621-CF71-4F93-8C8A-2A46A6C92D40}.MRelease|Win32.ActiveCfg = MRelease|Win32
		{B92EE621-CF71-4F93-8C8A-2A46A6C92D40}.MRelease|Win32.Build.0 = MRelease|Win32
		{B92EE621-CF71-4F93-8C8A-2A46A6C92D40}.MRelease|x64.ActiveCfg = MRelease|x64
		{B92EE621-CF71-4F93-8C8A-2A46A6C92D40}.MRelease|x64.Build.0 = MRelease|x64
	EndGlobalSection
	GlobalSection(SolutionProperties) = preSolution
		HideSolutionNode = FALSE
	EndGlobalSection
EndGlobal
