Microsoft Visual Studio Solution File, Format Version 11.00
# Visual Studio 2010
Project("{8BC9CEB8-8B4A-11D0-8D11-00A0C91BC942}") = "ALL_BUILD", "ALL_BUILD.vcxproj", "{81C5E5C1-4ABD-4FE3-A199-BAC37C16EE6C}"
	ProjectSection(ProjectDependencies) = postProject
		{9FF28251-5044-4F69-A10F-B94F439AC18C} = {9FF28251-5044-4F69-A10F-B94F439AC18C}
		{3894C263-0CE4-43EB-905A-78FBB5573FD0} = {3894C263-0CE4-43EB-905A-78FBB5573FD0}
		{F7ACD51E-7B2F-4EB7-83C0-529BA6F5D19E} = {F7ACD51E-7B2F-4EB7-83C0-529BA6F5D19E}
		{A4CC1F10-F7C0-4BE0-A9E4-3633AE1E35A3} = {A4CC1F10-F7C0-4BE0-A9E4-3633AE1E35A3}
	EndProjectSection
EndProject
Project("{8BC9CEB8-8B4A-11D0-8D11-00A0C91BC942}") = "INSTALL", "INSTALL.vcxproj", "{179AA57B-C390-4B61-8A7C-CBB346CA81EF}"
	ProjectSection(ProjectDependencies) = postProject
		{81C5E5C1-4ABD-4FE3-A199-BAC37C16EE6C} = {81C5E5C1-4ABD-4FE3-A199-BAC37C16EE6C}
	EndProjectSection
EndProject
Project("{8BC9CEB8-8B4A-11D0-8D11-00A0C91BC942}") = "RUN_TESTS", "RUN_TESTS.vcxproj", "{7B01FD1B-E8B2-4A58-A9E3-40D048AC69D7}"
EndProject
Project("{8BC9CEB8-8B4A-11D0-8D11-00A0C91BC942}") = "ZERO_CHECK", "ZERO_CHECK.vcxproj", "{9FF28251-5044-4F69-A10F-B94F439AC18C}"
EndProject
Project("{8BC9CEB8-8B4A-11D0-8D11-00A0C91BC942}") = "parse", "util\parse.vcxproj", "{3894C263-0CE4-43EB-905A-78FBB5573FD0}"
	ProjectSection(ProjectDependencies) = postProject
		{9FF28251-5044-4F69-A10F-B94F439AC18C} = {9FF28251-5044-4F69-A10F-B94F439AC18C}
		{A4CC1F10-F7C0-4BE0-A9E4-3633AE1E35A3} = {A4CC1F10-F7C0-4BE0-A9E4-3633AE1E35A3}
	EndProjectSection
EndProject
Project("{8BC9CEB8-8B4A-11D0-8D11-00A0C91BC942}") = "run-tests", "test\run-tests.vcxproj", "{F7ACD51E-7B2F-4EB7-83C0-529BA6F5D19E}"
	ProjectSection(ProjectDependencies) = postProject
		{9FF28251-5044-4F69-A10F-B94F439AC18C} = {9FF28251-5044-4F69-A10F-B94F439AC18C}
		{A4CC1F10-F7C0-4BE0-A9E4-3633AE1E35A3} = {A4CC1F10-F7C0-4BE0-A9E4-3633AE1E35A3}
	EndProjectSection
EndProject
Project("{8BC9CEB8-8B4A-11D0-8D11-00A0C91BC942}") = "yaml-cpp static md", "yaml-cpp.vcxproj", "{A4CC1F10-F7C0-4BE0-A9E4-3633AE1E35A3}"
	ProjectSection(ProjectDependencies) = postProject
		{9FF28251-5044-4F69-A10F-B94F439AC18C} = {9FF28251-5044-4F69-A10F-B94F439AC18C}
	EndProjectSection
EndProject
Global
	GlobalSection(SolutionConfigurationPlatforms) = preSolution
		Debug|x64 = Debug|x64
		MinSizeRel|x64 = MinSizeRel|x64
		mt|x64 = mt|x64
		mt-gd|x64 = mt-gd|x64
		mt-s|x64 = mt-s|x64
		mt-sgd|x64 = mt-sgd|x64
		Release|x64 = Release|x64
		RelWithDebInfo|x64 = RelWithDebInfo|x64
	EndGlobalSection
	GlobalSection(ProjectConfigurationPlatforms) = postSolution
		{81C5E5C1-4ABD-4FE3-A199-BAC37C16EE6C}.Debug|x64.ActiveCfg = Debug|x64
		{81C5E5C1-4ABD-4FE3-A199-BAC37C16EE6C}.Debug|x64.Build.0 = Debug|x64
		{81C5E5C1-4ABD-4FE3-A199-BAC37C16EE6C}.MinSizeRel|x64.ActiveCfg = MinSizeRel|x64
		{81C5E5C1-4ABD-4FE3-A199-BAC37C16EE6C}.MinSizeRel|x64.Build.0 = MinSizeRel|x64
		{81C5E5C1-4ABD-4FE3-A199-BAC37C16EE6C}.mt|x64.ActiveCfg = mt|x64
		{81C5E5C1-4ABD-4FE3-A199-BAC37C16EE6C}.mt|x64.Build.0 = mt|x64
		{81C5E5C1-4ABD-4FE3-A199-BAC37C16EE6C}.mt-gd|x64.ActiveCfg = mt-gd|x64
		{81C5E5C1-4ABD-4FE3-A199-BAC37C16EE6C}.mt-gd|x64.Build.0 = mt-gd|x64
		{81C5E5C1-4ABD-4FE3-A199-BAC37C16EE6C}.mt-s|x64.ActiveCfg = mt-s|x64
		{81C5E5C1-4ABD-4FE3-A199-BAC37C16EE6C}.mt-s|x64.Build.0 = mt-s|x64
		{81C5E5C1-4ABD-4FE3-A199-BAC37C16EE6C}.mt-sgd|x64.ActiveCfg = mt-sgd|x64
		{81C5E5C1-4ABD-4FE3-A199-BAC37C16EE6C}.mt-sgd|x64.Build.0 = mt-sgd|x64
		{81C5E5C1-4ABD-4FE3-A199-BAC37C16EE6C}.Release|x64.ActiveCfg = Release|x64
		{81C5E5C1-4ABD-4FE3-A199-BAC37C16EE6C}.Release|x64.Build.0 = Release|x64
		{81C5E5C1-4ABD-4FE3-A199-BAC37C16EE6C}.RelWithDebInfo|x64.ActiveCfg = RelWithDebInfo|x64
		{81C5E5C1-4ABD-4FE3-A199-BAC37C16EE6C}.RelWithDebInfo|x64.Build.0 = RelWithDebInfo|x64
		{179AA57B-C390-4B61-8A7C-CBB346CA81EF}.Debug|x64.ActiveCfg = Debug|x64
		{179AA57B-C390-4B61-8A7C-CBB346CA81EF}.MinSizeRel|x64.ActiveCfg = MinSizeRel|x64
		{179AA57B-C390-4B61-8A7C-CBB346CA81EF}.mt|x64.ActiveCfg = mt|x64
		{179AA57B-C390-4B61-8A7C-CBB346CA81EF}.mt-gd|x64.ActiveCfg = mt-gd|x64
		{179AA57B-C390-4B61-8A7C-CBB346CA81EF}.mt-s|x64.ActiveCfg = mt-s|x64
		{179AA57B-C390-4B61-8A7C-CBB346CA81EF}.mt-sgd|x64.ActiveCfg = mt-sgd|x64
		{179AA57B-C390-4B61-8A7C-CBB346CA81EF}.Release|x64.ActiveCfg = Release|x64
		{179AA57B-C390-4B61-8A7C-CBB346CA81EF}.RelWithDebInfo|x64.ActiveCfg = RelWithDebInfo|x64
		{7B01FD1B-E8B2-4A58-A9E3-40D048AC69D7}.Debug|x64.ActiveCfg = Debug|x64
		{7B01FD1B-E8B2-4A58-A9E3-40D048AC69D7}.MinSizeRel|x64.ActiveCfg = MinSizeRel|x64
		{7B01FD1B-E8B2-4A58-A9E3-40D048AC69D7}.mt|x64.ActiveCfg = mt|x64
		{7B01FD1B-E8B2-4A58-A9E3-40D048AC69D7}.mt-gd|x64.ActiveCfg = mt-gd|x64
		{7B01FD1B-E8B2-4A58-A9E3-40D048AC69D7}.mt-s|x64.ActiveCfg = mt-s|x64
		{7B01FD1B-E8B2-4A58-A9E3-40D048AC69D7}.mt-sgd|x64.ActiveCfg = mt-sgd|x64
		{7B01FD1B-E8B2-4A58-A9E3-40D048AC69D7}.Release|x64.ActiveCfg = Release|x64
		{7B01FD1B-E8B2-4A58-A9E3-40D048AC69D7}.RelWithDebInfo|x64.ActiveCfg = RelWithDebInfo|x64
		{9FF28251-5044-4F69-A10F-B94F439AC18C}.Debug|x64.ActiveCfg = Debug|x64
		{9FF28251-5044-4F69-A10F-B94F439AC18C}.Debug|x64.Build.0 = Debug|x64
		{9FF28251-5044-4F69-A10F-B94F439AC18C}.MinSizeRel|x64.ActiveCfg = MinSizeRel|x64
		{9FF28251-5044-4F69-A10F-B94F439AC18C}.MinSizeRel|x64.Build.0 = MinSizeRel|x64
		{9FF28251-5044-4F69-A10F-B94F439AC18C}.mt|x64.ActiveCfg = mt|x64
		{9FF28251-5044-4F69-A10F-B94F439AC18C}.mt|x64.Build.0 = mt|x64
		{9FF28251-5044-4F69-A10F-B94F439AC18C}.mt-gd|x64.ActiveCfg = mt-gd|x64
		{9FF28251-5044-4F69-A10F-B94F439AC18C}.mt-gd|x64.Build.0 = mt-gd|x64
		{9FF28251-5044-4F69-A10F-B94F439AC18C}.mt-s|x64.ActiveCfg = mt-s|x64
		{9FF28251-5044-4F69-A10F-B94F439AC18C}.mt-s|x64.Build.0 = mt-s|x64
		{9FF28251-5044-4F69-A10F-B94F439AC18C}.mt-sgd|x64.ActiveCfg = mt-sgd|x64
		{9FF28251-5044-4F69-A10F-B94F439AC18C}.mt-sgd|x64.Build.0 = mt-sgd|x64
		{9FF28251-5044-4F69-A10F-B94F439AC18C}.Release|x64.ActiveCfg = Release|x64
		{9FF28251-5044-4F69-A10F-B94F439AC18C}.Release|x64.Build.0 = Release|x64
		{9FF28251-5044-4F69-A10F-B94F439AC18C}.RelWithDebInfo|x64.ActiveCfg = RelWithDebInfo|x64
		{9FF28251-5044-4F69-A10F-B94F439AC18C}.RelWithDebInfo|x64.Build.0 = RelWithDebInfo|x64
		{3894C263-0CE4-43EB-905A-78FBB5573FD0}.Debug|x64.ActiveCfg = Debug|x64
		{3894C263-0CE4-43EB-905A-78FBB5573FD0}.Debug|x64.Build.0 = Debug|x64
		{3894C263-0CE4-43EB-905A-78FBB5573FD0}.MinSizeRel|x64.ActiveCfg = MinSizeRel|x64
		{3894C263-0CE4-43EB-905A-78FBB5573FD0}.MinSizeRel|x64.Build.0 = MinSizeRel|x64
		{3894C263-0CE4-43EB-905A-78FBB5573FD0}.mt|x64.ActiveCfg = mt|x64
		{3894C263-0CE4-43EB-905A-78FBB5573FD0}.mt|x64.Build.0 = mt|x64
		{3894C263-0CE4-43EB-905A-78FBB5573FD0}.mt-gd|x64.ActiveCfg = mt-gd|x64
		{3894C263-0CE4-43EB-905A-78FBB5573FD0}.mt-gd|x64.Build.0 = mt-gd|x64
		{3894C263-0CE4-43EB-905A-78FBB5573FD0}.mt-s|x64.ActiveCfg = mt-s|x64
		{3894C263-0CE4-43EB-905A-78FBB5573FD0}.mt-s|x64.Build.0 = mt-s|x64
		{3894C263-0CE4-43EB-905A-78FBB5573FD0}.mt-sgd|x64.ActiveCfg = mt-sgd|x64
		{3894C263-0CE4-43EB-905A-78FBB5573FD0}.mt-sgd|x64.Build.0 = mt-sgd|x64
		{3894C263-0CE4-43EB-905A-78FBB5573FD0}.Release|x64.ActiveCfg = Release|x64
		{3894C263-0CE4-43EB-905A-78FBB5573FD0}.Release|x64.Build.0 = Release|x64
		{3894C263-0CE4-43EB-905A-78FBB5573FD0}.RelWithDebInfo|x64.ActiveCfg = RelWithDebInfo|x64
		{3894C263-0CE4-43EB-905A-78FBB5573FD0}.RelWithDebInfo|x64.Build.0 = RelWithDebInfo|x64
		{F7ACD51E-7B2F-4EB7-83C0-529BA6F5D19E}.Debug|x64.ActiveCfg = Debug|x64
		{F7ACD51E-7B2F-4EB7-83C0-529BA6F5D19E}.Debug|x64.Build.0 = Debug|x64
		{F7ACD51E-7B2F-4EB7-83C0-529BA6F5D19E}.MinSizeRel|x64.ActiveCfg = MinSizeRel|x64
		{F7ACD51E-7B2F-4EB7-83C0-529BA6F5D19E}.MinSizeRel|x64.Build.0 = MinSizeRel|x64
		{F7ACD51E-7B2F-4EB7-83C0-529BA6F5D19E}.mt|x64.ActiveCfg = mt|x64
		{F7ACD51E-7B2F-4EB7-83C0-529BA6F5D19E}.mt|x64.Build.0 = mt|x64
		{F7ACD51E-7B2F-4EB7-83C0-529BA6F5D19E}.mt-gd|x64.ActiveCfg = mt-gd|x64
		{F7ACD51E-7B2F-4EB7-83C0-529BA6F5D19E}.mt-gd|x64.Build.0 = mt-gd|x64
		{F7ACD51E-7B2F-4EB7-83C0-529BA6F5D19E}.mt-s|x64.ActiveCfg = mt-s|x64
		{F7ACD51E-7B2F-4EB7-83C0-529BA6F5D19E}.mt-s|x64.Build.0 = mt-s|x64
		{F7ACD51E-7B2F-4EB7-83C0-529BA6F5D19E}.mt-sgd|x64.ActiveCfg = mt-sgd|x64
		{F7ACD51E-7B2F-4EB7-83C0-529BA6F5D19E}.mt-sgd|x64.Build.0 = mt-sgd|x64
		{F7ACD51E-7B2F-4EB7-83C0-529BA6F5D19E}.Release|x64.ActiveCfg = Release|x64
		{F7ACD51E-7B2F-4EB7-83C0-529BA6F5D19E}.Release|x64.Build.0 = Release|x64
		{F7ACD51E-7B2F-4EB7-83C0-529BA6F5D19E}.RelWithDebInfo|x64.ActiveCfg = RelWithDebInfo|x64
		{F7ACD51E-7B2F-4EB7-83C0-529BA6F5D19E}.RelWithDebInfo|x64.Build.0 = RelWithDebInfo|x64
		{A4CC1F10-F7C0-4BE0-A9E4-3633AE1E35A3}.Debug|x64.ActiveCfg = Debug|x64
		{A4CC1F10-F7C0-4BE0-A9E4-3633AE1E35A3}.Debug|x64.Build.0 = Debug|x64
		{A4CC1F10-F7C0-4BE0-A9E4-3633AE1E35A3}.MinSizeRel|x64.ActiveCfg = MinSizeRel|x64
		{A4CC1F10-F7C0-4BE0-A9E4-3633AE1E35A3}.MinSizeRel|x64.Build.0 = MinSizeRel|x64
		{A4CC1F10-F7C0-4BE0-A9E4-3633AE1E35A3}.mt|x64.ActiveCfg = mt|x64
		{A4CC1F10-F7C0-4BE0-A9E4-3633AE1E35A3}.mt|x64.Build.0 = mt|x64
		{A4CC1F10-F7C0-4BE0-A9E4-3633AE1E35A3}.mt-gd|x64.ActiveCfg = mt-gd|x64
		{A4CC1F10-F7C0-4BE0-A9E4-3633AE1E35A3}.mt-gd|x64.Build.0 = mt-gd|x64
		{A4CC1F10-F7C0-4BE0-A9E4-3633AE1E35A3}.mt-s|x64.ActiveCfg = mt-s|x64
		{A4CC1F10-F7C0-4BE0-A9E4-3633AE1E35A3}.mt-s|x64.Build.0 = mt-s|x64
		{A4CC1F10-F7C0-4BE0-A9E4-3633AE1E35A3}.mt-sgd|x64.ActiveCfg = mt-sgd|x64
		{A4CC1F10-F7C0-4BE0-A9E4-3633AE1E35A3}.mt-sgd|x64.Build.0 = mt-sgd|x64
		{A4CC1F10-F7C0-4BE0-A9E4-3633AE1E35A3}.Release|x64.ActiveCfg = Release|x64
		{A4CC1F10-F7C0-4BE0-A9E4-3633AE1E35A3}.Release|x64.Build.0 = Release|x64
		{A4CC1F10-F7C0-4BE0-A9E4-3633AE1E35A3}.RelWithDebInfo|x64.ActiveCfg = RelWithDebInfo|x64
		{A4CC1F10-F7C0-4BE0-A9E4-3633AE1E35A3}.RelWithDebInfo|x64.Build.0 = RelWithDebInfo|x64
	EndGlobalSection
	GlobalSection(SolutionProperties) = preSolution
		HideSolutionNode = FALSE
	EndGlobalSection
EndGlobal
