
Microsoft Visual Studio Solution File, Format Version 10.00
# Visual Studio 2008
Project("{FAE04EC0-301F-11D3-BF4B-00C04F79EFBC}") = "CShap_ClientSocket", "..\..\..\..\baseball\src\tool\CShap_ClientSocket\CShap_ClientSocket.csproj", "{0D7C25E2-C3AC-48A6-8EFF-92113C04D7E7}"
	ProjectSection(ProjectDependencies) = postProject
		{5C510A20-164F-4ED4-ADA4-12D616D94DE5} = {5C510A20-164F-4ED4-ADA4-12D616D94DE5}
		{59214C4F-FF82-4726-847F-A2085FE64F02} = {59214C4F-FF82-4726-847F-A2085FE64F02}
		{E1398781-C787-4096-AD59-CC72AA4AF47C} = {E1398781-C787-4096-AD59-CC72AA4AF47C}
	EndProjectSection
EndProject
Project("{8BC9CEB8-8B4A-11D0-8D11-00A0C91BC942}") = "BaseballTestClient", "BaseballTestClient\BaseballTestClient.vcproj", "{2B268BAB-70C9-48BA-8BEE-8B10A2E544E9}"
EndProject
Project("{FAE04EC0-301F-11D3-BF4B-00C04F79EFBC}") = "BaseballClient_CSV", "..\..\..\..\baseball\src\tool\BaseballClient_CSV\BaseballClient_CSV.csproj", "{5C510A20-164F-4ED4-ADA4-12D616D94DE5}"
EndProject
Project("{FAE04EC0-301F-11D3-BF4B-00C04F79EFBC}") = "BaseballClient_proto", "..\..\..\..\baseball\src\tool\BaseballClient_proto\BaseballClient_proto.csproj", "{E1398781-C787-4096-AD59-CC72AA4AF47C}"
	ProjectSection(ProjectDependencies) = postProject
		{5C510A20-164F-4ED4-ADA4-12D616D94DE5} = {5C510A20-164F-4ED4-ADA4-12D616D94DE5}
	EndProjectSection
EndProject
Project("{FAE04EC0-301F-11D3-BF4B-00C04F79EFBC}") = "BaseballClient_proto_serialize_maker", "..\..\..\..\baseball\src\tool\BaseballClient_proto_serialize_maker\BaseballClient_proto_serialize_maker.csproj", "{C7F5D953-EC7A-474B-A883-BD111CE69A5A}"
	ProjectSection(ProjectDependencies) = postProject
		{E1398781-C787-4096-AD59-CC72AA4AF47C} = {E1398781-C787-4096-AD59-CC72AA4AF47C}
	EndProjectSection
EndProject
Project("{FAE04EC0-301F-11D3-BF4B-00C04F79EFBC}") = "BaseballClient_net_common", "..\..\..\..\baseball\src\tool\BaseballClient_net_common\BaseballClient_net_common.csproj", "{59214C4F-FF82-4726-847F-A2085FE64F02}"
	ProjectSection(ProjectDependencies) = postProject
		{5C510A20-164F-4ED4-ADA4-12D616D94DE5} = {5C510A20-164F-4ED4-ADA4-12D616D94DE5}
		{C7F5D953-EC7A-474B-A883-BD111CE69A5A} = {C7F5D953-EC7A-474B-A883-BD111CE69A5A}
		{E1398781-C787-4096-AD59-CC72AA4AF47C} = {E1398781-C787-4096-AD59-CC72AA4AF47C}
	EndProjectSection
EndProject
Global
	GlobalSection(SolutionConfigurationPlatforms) = preSolution
		Debug|Any CPU = Debug|Any CPU
		Debug|Mixed Platforms = Debug|Mixed Platforms
		Debug|Win32 = Debug|Win32
		MDebug|Any CPU = MDebug|Any CPU
		MDebug|Mixed Platforms = MDebug|Mixed Platforms
		MDebug|Win32 = MDebug|Win32
		MRelease|Any CPU = MRelease|Any CPU
		MRelease|Mixed Platforms = MRelease|Mixed Platforms
		MRelease|Win32 = MRelease|Win32
		Release|Any CPU = Release|Any CPU
		Release|Mixed Platforms = Release|Mixed Platforms
		Release|Win32 = Release|Win32
		UDebug|Any CPU = UDebug|Any CPU
		UDebug|Mixed Platforms = UDebug|Mixed Platforms
		UDebug|Win32 = UDebug|Win32
		URelease|Any CPU = URelease|Any CPU
		URelease|Mixed Platforms = URelease|Mixed Platforms
		URelease|Win32 = URelease|Win32
	EndGlobalSection
	GlobalSection(ProjectConfigurationPlatforms) = postSolution
		{0D7C25E2-C3AC-48A6-8EFF-92113C04D7E7}.Debug|Any CPU.ActiveCfg = Debug|Any CPU
		{0D7C25E2-C3AC-48A6-8EFF-92113C04D7E7}.Debug|Any CPU.Build.0 = Debug|Any CPU
		{0D7C25E2-C3AC-48A6-8EFF-92113C04D7E7}.Debug|Mixed Platforms.ActiveCfg = Debug|Any CPU
		{0D7C25E2-C3AC-48A6-8EFF-92113C04D7E7}.Debug|Mixed Platforms.Build.0 = Debug|Any CPU
		{0D7C25E2-C3AC-48A6-8EFF-92113C04D7E7}.Debug|Win32.ActiveCfg = Debug|Any CPU
		{0D7C25E2-C3AC-48A6-8EFF-92113C04D7E7}.MDebug|Any CPU.ActiveCfg = Debug|Any CPU
		{0D7C25E2-C3AC-48A6-8EFF-92113C04D7E7}.MDebug|Any CPU.Build.0 = Debug|Any CPU
		{0D7C25E2-C3AC-48A6-8EFF-92113C04D7E7}.MDebug|Mixed Platforms.ActiveCfg = Debug|Any CPU
		{0D7C25E2-C3AC-48A6-8EFF-92113C04D7E7}.MDebug|Mixed Platforms.Build.0 = Debug|Any CPU
		{0D7C25E2-C3AC-48A6-8EFF-92113C04D7E7}.MDebug|Win32.ActiveCfg = Debug|Any CPU
		{0D7C25E2-C3AC-48A6-8EFF-92113C04D7E7}.MDebug|Win32.Build.0 = Debug|Any CPU
		{0D7C25E2-C3AC-48A6-8EFF-92113C04D7E7}.MRelease|Any CPU.ActiveCfg = Release|Any CPU
		{0D7C25E2-C3AC-48A6-8EFF-92113C04D7E7}.MRelease|Any CPU.Build.0 = Release|Any CPU
		{0D7C25E2-C3AC-48A6-8EFF-92113C04D7E7}.MRelease|Mixed Platforms.ActiveCfg = Release|Any CPU
		{0D7C25E2-C3AC-48A6-8EFF-92113C04D7E7}.MRelease|Mixed Platforms.Build.0 = Release|Any CPU
		{0D7C25E2-C3AC-48A6-8EFF-92113C04D7E7}.MRelease|Win32.ActiveCfg = Release|Any CPU
		{0D7C25E2-C3AC-48A6-8EFF-92113C04D7E7}.Release|Any CPU.ActiveCfg = Release|Any CPU
		{0D7C25E2-C3AC-48A6-8EFF-92113C04D7E7}.Release|Any CPU.Build.0 = Release|Any CPU
		{0D7C25E2-C3AC-48A6-8EFF-92113C04D7E7}.Release|Mixed Platforms.ActiveCfg = Release|Any CPU
		{0D7C25E2-C3AC-48A6-8EFF-92113C04D7E7}.Release|Mixed Platforms.Build.0 = Release|Any CPU
		{0D7C25E2-C3AC-48A6-8EFF-92113C04D7E7}.Release|Win32.ActiveCfg = Release|Any CPU
		{0D7C25E2-C3AC-48A6-8EFF-92113C04D7E7}.UDebug|Any CPU.ActiveCfg = Debug|Any CPU
		{0D7C25E2-C3AC-48A6-8EFF-92113C04D7E7}.UDebug|Any CPU.Build.0 = Debug|Any CPU
		{0D7C25E2-C3AC-48A6-8EFF-92113C04D7E7}.UDebug|Mixed Platforms.ActiveCfg = Debug|Any CPU
		{0D7C25E2-C3AC-48A6-8EFF-92113C04D7E7}.UDebug|Mixed Platforms.Build.0 = Debug|Any CPU
		{0D7C25E2-C3AC-48A6-8EFF-92113C04D7E7}.UDebug|Win32.ActiveCfg = Debug|Any CPU
		{0D7C25E2-C3AC-48A6-8EFF-92113C04D7E7}.URelease|Any CPU.ActiveCfg = Release|Any CPU
		{0D7C25E2-C3AC-48A6-8EFF-92113C04D7E7}.URelease|Any CPU.Build.0 = Release|Any CPU
		{0D7C25E2-C3AC-48A6-8EFF-92113C04D7E7}.URelease|Mixed Platforms.ActiveCfg = Release|Any CPU
		{0D7C25E2-C3AC-48A6-8EFF-92113C04D7E7}.URelease|Mixed Platforms.Build.0 = Release|Any CPU
		{0D7C25E2-C3AC-48A6-8EFF-92113C04D7E7}.URelease|Win32.ActiveCfg = Release|Any CPU
		{2B268BAB-70C9-48BA-8BEE-8B10A2E544E9}.Debug|Any CPU.ActiveCfg = URelease|Win32
		{2B268BAB-70C9-48BA-8BEE-8B10A2E544E9}.Debug|Mixed Platforms.ActiveCfg = URelease|Win32
		{2B268BAB-70C9-48BA-8BEE-8B10A2E544E9}.Debug|Mixed Platforms.Build.0 = URelease|Win32
		{2B268BAB-70C9-48BA-8BEE-8B10A2E544E9}.Debug|Win32.ActiveCfg = UDebug|Win32
		{2B268BAB-70C9-48BA-8BEE-8B10A2E544E9}.Debug|Win32.Build.0 = UDebug|Win32
		{2B268BAB-70C9-48BA-8BEE-8B10A2E544E9}.MDebug|Any CPU.ActiveCfg = MDebug|Win32
		{2B268BAB-70C9-48BA-8BEE-8B10A2E544E9}.MDebug|Mixed Platforms.ActiveCfg = MDebug|Win32
		{2B268BAB-70C9-48BA-8BEE-8B10A2E544E9}.MDebug|Mixed Platforms.Build.0 = MDebug|Win32
		{2B268BAB-70C9-48BA-8BEE-8B10A2E544E9}.MDebug|Win32.ActiveCfg = MDebug|Win32
		{2B268BAB-70C9-48BA-8BEE-8B10A2E544E9}.MDebug|Win32.Build.0 = MDebug|Win32
		{2B268BAB-70C9-48BA-8BEE-8B10A2E544E9}.MRelease|Any CPU.ActiveCfg = MRelease|Win32
		{2B268BAB-70C9-48BA-8BEE-8B10A2E544E9}.MRelease|Mixed Platforms.ActiveCfg = MRelease|Win32
		{2B268BAB-70C9-48BA-8BEE-8B10A2E544E9}.MRelease|Mixed Platforms.Build.0 = MRelease|Win32
		{2B268BAB-70C9-48BA-8BEE-8B10A2E544E9}.MRelease|Win32.ActiveCfg = MRelease|Win32
		{2B268BAB-70C9-48BA-8BEE-8B10A2E544E9}.MRelease|Win32.Build.0 = MRelease|Win32
		{2B268BAB-70C9-48BA-8BEE-8B10A2E544E9}.Release|Any CPU.ActiveCfg = URelease|Win32
		{2B268BAB-70C9-48BA-8BEE-8B10A2E544E9}.Release|Mixed Platforms.ActiveCfg = URelease|Win32
		{2B268BAB-70C9-48BA-8BEE-8B10A2E544E9}.Release|Mixed Platforms.Build.0 = URelease|Win32
		{2B268BAB-70C9-48BA-8BEE-8B10A2E544E9}.Release|Win32.ActiveCfg = URelease|Win32
		{2B268BAB-70C9-48BA-8BEE-8B10A2E544E9}.Release|Win32.Build.0 = URelease|Win32
		{2B268BAB-70C9-48BA-8BEE-8B10A2E544E9}.UDebug|Any CPU.ActiveCfg = UDebug|Win32
		{2B268BAB-70C9-48BA-8BEE-8B10A2E544E9}.UDebug|Mixed Platforms.ActiveCfg = UDebug|Win32
		{2B268BAB-70C9-48BA-8BEE-8B10A2E544E9}.UDebug|Mixed Platforms.Build.0 = UDebug|Win32
		{2B268BAB-70C9-48BA-8BEE-8B10A2E544E9}.UDebug|Win32.ActiveCfg = MDebug|Win32
		{2B268BAB-70C9-48BA-8BEE-8B10A2E544E9}.UDebug|Win32.Build.0 = MDebug|Win32
		{2B268BAB-70C9-48BA-8BEE-8B10A2E544E9}.URelease|Any CPU.ActiveCfg = URelease|Win32
		{2B268BAB-70C9-48BA-8BEE-8B10A2E544E9}.URelease|Mixed Platforms.ActiveCfg = URelease|Win32
		{2B268BAB-70C9-48BA-8BEE-8B10A2E544E9}.URelease|Mixed Platforms.Build.0 = URelease|Win32
		{2B268BAB-70C9-48BA-8BEE-8B10A2E544E9}.URelease|Win32.ActiveCfg = URelease|Win32
		{2B268BAB-70C9-48BA-8BEE-8B10A2E544E9}.URelease|Win32.Build.0 = URelease|Win32
		{5C510A20-164F-4ED4-ADA4-12D616D94DE5}.Debug|Any CPU.ActiveCfg = Debug|Any CPU
		{5C510A20-164F-4ED4-ADA4-12D616D94DE5}.Debug|Any CPU.Build.0 = Debug|Any CPU
		{5C510A20-164F-4ED4-ADA4-12D616D94DE5}.Debug|Mixed Platforms.ActiveCfg = Debug|Any CPU
		{5C510A20-164F-4ED4-ADA4-12D616D94DE5}.Debug|Mixed Platforms.Build.0 = Debug|Any CPU
		{5C510A20-164F-4ED4-ADA4-12D616D94DE5}.Debug|Win32.ActiveCfg = Debug|Any CPU
		{5C510A20-164F-4ED4-ADA4-12D616D94DE5}.MDebug|Any CPU.ActiveCfg = Debug|Any CPU
		{5C510A20-164F-4ED4-ADA4-12D616D94DE5}.MDebug|Any CPU.Build.0 = Debug|Any CPU
		{5C510A20-164F-4ED4-ADA4-12D616D94DE5}.MDebug|Mixed Platforms.ActiveCfg = Debug|Any CPU
		{5C510A20-164F-4ED4-ADA4-12D616D94DE5}.MDebug|Mixed Platforms.Build.0 = Debug|Any CPU
		{5C510A20-164F-4ED4-ADA4-12D616D94DE5}.MDebug|Win32.ActiveCfg = Debug|Any CPU
		{5C510A20-164F-4ED4-ADA4-12D616D94DE5}.MDebug|Win32.Build.0 = Debug|Any CPU
		{5C510A20-164F-4ED4-ADA4-12D616D94DE5}.MRelease|Any CPU.ActiveCfg = Release|Any CPU
		{5C510A20-164F-4ED4-ADA4-12D616D94DE5}.MRelease|Any CPU.Build.0 = Release|Any CPU
		{5C510A20-164F-4ED4-ADA4-12D616D94DE5}.MRelease|Mixed Platforms.ActiveCfg = Release|Any CPU
		{5C510A20-164F-4ED4-ADA4-12D616D94DE5}.MRelease|Mixed Platforms.Build.0 = Release|Any CPU
		{5C510A20-164F-4ED4-ADA4-12D616D94DE5}.MRelease|Win32.ActiveCfg = Release|Any CPU
		{5C510A20-164F-4ED4-ADA4-12D616D94DE5}.Release|Any CPU.ActiveCfg = Release|Any CPU
		{5C510A20-164F-4ED4-ADA4-12D616D94DE5}.Release|Any CPU.Build.0 = Release|Any CPU
		{5C510A20-164F-4ED4-ADA4-12D616D94DE5}.Release|Mixed Platforms.ActiveCfg = Release|Any CPU
		{5C510A20-164F-4ED4-ADA4-12D616D94DE5}.Release|Mixed Platforms.Build.0 = Release|Any CPU
		{5C510A20-164F-4ED4-ADA4-12D616D94DE5}.Release|Win32.ActiveCfg = Release|Any CPU
		{5C510A20-164F-4ED4-ADA4-12D616D94DE5}.UDebug|Any CPU.ActiveCfg = Debug|Any CPU
		{5C510A20-164F-4ED4-ADA4-12D616D94DE5}.UDebug|Any CPU.Build.0 = Debug|Any CPU
		{5C510A20-164F-4ED4-ADA4-12D616D94DE5}.UDebug|Mixed Platforms.ActiveCfg = Debug|Any CPU
		{5C510A20-164F-4ED4-ADA4-12D616D94DE5}.UDebug|Mixed Platforms.Build.0 = Debug|Any CPU
		{5C510A20-164F-4ED4-ADA4-12D616D94DE5}.UDebug|Win32.ActiveCfg = Debug|Any CPU
		{5C510A20-164F-4ED4-ADA4-12D616D94DE5}.URelease|Any CPU.ActiveCfg = Release|Any CPU
		{5C510A20-164F-4ED4-ADA4-12D616D94DE5}.URelease|Any CPU.Build.0 = Release|Any CPU
		{5C510A20-164F-4ED4-ADA4-12D616D94DE5}.URelease|Mixed Platforms.ActiveCfg = Release|Any CPU
		{5C510A20-164F-4ED4-ADA4-12D616D94DE5}.URelease|Mixed Platforms.Build.0 = Release|Any CPU
		{5C510A20-164F-4ED4-ADA4-12D616D94DE5}.URelease|Win32.ActiveCfg = Release|Any CPU
		{E1398781-C787-4096-AD59-CC72AA4AF47C}.Debug|Any CPU.ActiveCfg = Debug|Any CPU
		{E1398781-C787-4096-AD59-CC72AA4AF47C}.Debug|Any CPU.Build.0 = Debug|Any CPU
		{E1398781-C787-4096-AD59-CC72AA4AF47C}.Debug|Mixed Platforms.ActiveCfg = Debug|Any CPU
		{E1398781-C787-4096-AD59-CC72AA4AF47C}.Debug|Mixed Platforms.Build.0 = Debug|Any CPU
		{E1398781-C787-4096-AD59-CC72AA4AF47C}.Debug|Win32.ActiveCfg = Debug|Any CPU
		{E1398781-C787-4096-AD59-CC72AA4AF47C}.MDebug|Any CPU.ActiveCfg = Debug|Any CPU
		{E1398781-C787-4096-AD59-CC72AA4AF47C}.MDebug|Any CPU.Build.0 = Debug|Any CPU
		{E1398781-C787-4096-AD59-CC72AA4AF47C}.MDebug|Mixed Platforms.ActiveCfg = Debug|Any CPU
		{E1398781-C787-4096-AD59-CC72AA4AF47C}.MDebug|Mixed Platforms.Build.0 = Debug|Any CPU
		{E1398781-C787-4096-AD59-CC72AA4AF47C}.MDebug|Win32.ActiveCfg = Debug|Any CPU
		{E1398781-C787-4096-AD59-CC72AA4AF47C}.MDebug|Win32.Build.0 = Debug|Any CPU
		{E1398781-C787-4096-AD59-CC72AA4AF47C}.MRelease|Any CPU.ActiveCfg = Release|Any CPU
		{E1398781-C787-4096-AD59-CC72AA4AF47C}.MRelease|Any CPU.Build.0 = Release|Any CPU
		{E1398781-C787-4096-AD59-CC72AA4AF47C}.MRelease|Mixed Platforms.ActiveCfg = Release|Any CPU
		{E1398781-C787-4096-AD59-CC72AA4AF47C}.MRelease|Mixed Platforms.Build.0 = Release|Any CPU
		{E1398781-C787-4096-AD59-CC72AA4AF47C}.MRelease|Win32.ActiveCfg = Release|Any CPU
		{E1398781-C787-4096-AD59-CC72AA4AF47C}.Release|Any CPU.ActiveCfg = Release|Any CPU
		{E1398781-C787-4096-AD59-CC72AA4AF47C}.Release|Any CPU.Build.0 = Release|Any CPU
		{E1398781-C787-4096-AD59-CC72AA4AF47C}.Release|Mixed Platforms.ActiveCfg = Release|Any CPU
		{E1398781-C787-4096-AD59-CC72AA4AF47C}.Release|Mixed Platforms.Build.0 = Release|Any CPU
		{E1398781-C787-4096-AD59-CC72AA4AF47C}.Release|Win32.ActiveCfg = Release|Any CPU
		{E1398781-C787-4096-AD59-CC72AA4AF47C}.UDebug|Any CPU.ActiveCfg = Debug|Any CPU
		{E1398781-C787-4096-AD59-CC72AA4AF47C}.UDebug|Any CPU.Build.0 = Debug|Any CPU
		{E1398781-C787-4096-AD59-CC72AA4AF47C}.UDebug|Mixed Platforms.ActiveCfg = Debug|Any CPU
		{E1398781-C787-4096-AD59-CC72AA4AF47C}.UDebug|Mixed Platforms.Build.0 = Debug|Any CPU
		{E1398781-C787-4096-AD59-CC72AA4AF47C}.UDebug|Win32.ActiveCfg = Debug|Any CPU
		{E1398781-C787-4096-AD59-CC72AA4AF47C}.URelease|Any CPU.ActiveCfg = Release|Any CPU
		{E1398781-C787-4096-AD59-CC72AA4AF47C}.URelease|Any CPU.Build.0 = Release|Any CPU
		{E1398781-C787-4096-AD59-CC72AA4AF47C}.URelease|Mixed Platforms.ActiveCfg = Release|Any CPU
		{E1398781-C787-4096-AD59-CC72AA4AF47C}.URelease|Mixed Platforms.Build.0 = Release|Any CPU
		{E1398781-C787-4096-AD59-CC72AA4AF47C}.URelease|Win32.ActiveCfg = Release|Any CPU
		{C7F5D953-EC7A-474B-A883-BD111CE69A5A}.Debug|Any CPU.ActiveCfg = Debug|Any CPU
		{C7F5D953-EC7A-474B-A883-BD111CE69A5A}.Debug|Any CPU.Build.0 = Debug|Any CPU
		{C7F5D953-EC7A-474B-A883-BD111CE69A5A}.Debug|Mixed Platforms.ActiveCfg = Debug|Any CPU
		{C7F5D953-EC7A-474B-A883-BD111CE69A5A}.Debug|Mixed Platforms.Build.0 = Debug|Any CPU
		{C7F5D953-EC7A-474B-A883-BD111CE69A5A}.Debug|Win32.ActiveCfg = Debug|Any CPU
		{C7F5D953-EC7A-474B-A883-BD111CE69A5A}.MDebug|Any CPU.ActiveCfg = Debug|Any CPU
		{C7F5D953-EC7A-474B-A883-BD111CE69A5A}.MDebug|Any CPU.Build.0 = Debug|Any CPU
		{C7F5D953-EC7A-474B-A883-BD111CE69A5A}.MDebug|Mixed Platforms.ActiveCfg = Debug|Any CPU
		{C7F5D953-EC7A-474B-A883-BD111CE69A5A}.MDebug|Mixed Platforms.Build.0 = Debug|Any CPU
		{C7F5D953-EC7A-474B-A883-BD111CE69A5A}.MDebug|Win32.ActiveCfg = Debug|Any CPU
		{C7F5D953-EC7A-474B-A883-BD111CE69A5A}.MDebug|Win32.Build.0 = Debug|Any CPU
		{C7F5D953-EC7A-474B-A883-BD111CE69A5A}.MRelease|Any CPU.ActiveCfg = Release|Any CPU
		{C7F5D953-EC7A-474B-A883-BD111CE69A5A}.MRelease|Any CPU.Build.0 = Release|Any CPU
		{C7F5D953-EC7A-474B-A883-BD111CE69A5A}.MRelease|Mixed Platforms.ActiveCfg = Release|Any CPU
		{C7F5D953-EC7A-474B-A883-BD111CE69A5A}.MRelease|Mixed Platforms.Build.0 = Release|Any CPU
		{C7F5D953-EC7A-474B-A883-BD111CE69A5A}.MRelease|Win32.ActiveCfg = Release|Any CPU
		{C7F5D953-EC7A-474B-A883-BD111CE69A5A}.Release|Any CPU.ActiveCfg = Release|Any CPU
		{C7F5D953-EC7A-474B-A883-BD111CE69A5A}.Release|Any CPU.Build.0 = Release|Any CPU
		{C7F5D953-EC7A-474B-A883-BD111CE69A5A}.Release|Mixed Platforms.ActiveCfg = Release|Any CPU
		{C7F5D953-EC7A-474B-A883-BD111CE69A5A}.Release|Mixed Platforms.Build.0 = Release|Any CPU
		{C7F5D953-EC7A-474B-A883-BD111CE69A5A}.Release|Win32.ActiveCfg = Release|Any CPU
		{C7F5D953-EC7A-474B-A883-BD111CE69A5A}.UDebug|Any CPU.ActiveCfg = Debug|Any CPU
		{C7F5D953-EC7A-474B-A883-BD111CE69A5A}.UDebug|Any CPU.Build.0 = Debug|Any CPU
		{C7F5D953-EC7A-474B-A883-BD111CE69A5A}.UDebug|Mixed Platforms.ActiveCfg = Debug|Any CPU
		{C7F5D953-EC7A-474B-A883-BD111CE69A5A}.UDebug|Mixed Platforms.Build.0 = Debug|Any CPU
		{C7F5D953-EC7A-474B-A883-BD111CE69A5A}.UDebug|Win32.ActiveCfg = Debug|Any CPU
		{C7F5D953-EC7A-474B-A883-BD111CE69A5A}.URelease|Any CPU.ActiveCfg = Release|Any CPU
		{C7F5D953-EC7A-474B-A883-BD111CE69A5A}.URelease|Any CPU.Build.0 = Release|Any CPU
		{C7F5D953-EC7A-474B-A883-BD111CE69A5A}.URelease|Mixed Platforms.ActiveCfg = Release|Any CPU
		{C7F5D953-EC7A-474B-A883-BD111CE69A5A}.URelease|Mixed Platforms.Build.0 = Release|Any CPU
		{C7F5D953-EC7A-474B-A883-BD111CE69A5A}.URelease|Win32.ActiveCfg = Release|Any CPU
		{59214C4F-FF82-4726-847F-A2085FE64F02}.Debug|Any CPU.ActiveCfg = Debug|Any CPU
		{59214C4F-FF82-4726-847F-A2085FE64F02}.Debug|Any CPU.Build.0 = Debug|Any CPU
		{59214C4F-FF82-4726-847F-A2085FE64F02}.Debug|Mixed Platforms.ActiveCfg = Debug|Any CPU
		{59214C4F-FF82-4726-847F-A2085FE64F02}.Debug|Mixed Platforms.Build.0 = Debug|Any CPU
		{59214C4F-FF82-4726-847F-A2085FE64F02}.Debug|Win32.ActiveCfg = Debug|Any CPU
		{59214C4F-FF82-4726-847F-A2085FE64F02}.MDebug|Any CPU.ActiveCfg = Debug|Any CPU
		{59214C4F-FF82-4726-847F-A2085FE64F02}.MDebug|Any CPU.Build.0 = Debug|Any CPU
		{59214C4F-FF82-4726-847F-A2085FE64F02}.MDebug|Mixed Platforms.ActiveCfg = Debug|Any CPU
		{59214C4F-FF82-4726-847F-A2085FE64F02}.MDebug|Mixed Platforms.Build.0 = Debug|Any CPU
		{59214C4F-FF82-4726-847F-A2085FE64F02}.MDebug|Win32.ActiveCfg = Debug|Any CPU
		{59214C4F-FF82-4726-847F-A2085FE64F02}.MDebug|Win32.Build.0 = Debug|Any CPU
		{59214C4F-FF82-4726-847F-A2085FE64F02}.MRelease|Any CPU.ActiveCfg = Release|Any CPU
		{59214C4F-FF82-4726-847F-A2085FE64F02}.MRelease|Any CPU.Build.0 = Release|Any CPU
		{59214C4F-FF82-4726-847F-A2085FE64F02}.MRelease|Mixed Platforms.ActiveCfg = Release|Any CPU
		{59214C4F-FF82-4726-847F-A2085FE64F02}.MRelease|Mixed Platforms.Build.0 = Release|Any CPU
		{59214C4F-FF82-4726-847F-A2085FE64F02}.MRelease|Win32.ActiveCfg = Release|Any CPU
		{59214C4F-FF82-4726-847F-A2085FE64F02}.Release|Any CPU.ActiveCfg = Release|Any CPU
		{59214C4F-FF82-4726-847F-A2085FE64F02}.Release|Any CPU.Build.0 = Release|Any CPU
		{59214C4F-FF82-4726-847F-A2085FE64F02}.Release|Mixed Platforms.ActiveCfg = Release|Any CPU
		{59214C4F-FF82-4726-847F-A2085FE64F02}.Release|Mixed Platforms.Build.0 = Release|Any CPU
		{59214C4F-FF82-4726-847F-A2085FE64F02}.Release|Win32.ActiveCfg = Release|Any CPU
		{59214C4F-FF82-4726-847F-A2085FE64F02}.UDebug|Any CPU.ActiveCfg = Debug|Any CPU
		{59214C4F-FF82-4726-847F-A2085FE64F02}.UDebug|Any CPU.Build.0 = Debug|Any CPU
		{59214C4F-FF82-4726-847F-A2085FE64F02}.UDebug|Mixed Platforms.ActiveCfg = Debug|Any CPU
		{59214C4F-FF82-4726-847F-A2085FE64F02}.UDebug|Mixed Platforms.Build.0 = Debug|Any CPU
		{59214C4F-FF82-4726-847F-A2085FE64F02}.UDebug|Win32.ActiveCfg = Debug|Any CPU
		{59214C4F-FF82-4726-847F-A2085FE64F02}.URelease|Any CPU.ActiveCfg = Release|Any CPU
		{59214C4F-FF82-4726-847F-A2085FE64F02}.URelease|Any CPU.Build.0 = Release|Any CPU
		{59214C4F-FF82-4726-847F-A2085FE64F02}.URelease|Mixed Platforms.ActiveCfg = Release|Any CPU
		{59214C4F-FF82-4726-847F-A2085FE64F02}.URelease|Mixed Platforms.Build.0 = Release|Any CPU
		{59214C4F-FF82-4726-847F-A2085FE64F02}.URelease|Win32.ActiveCfg = Release|Any CPU
	EndGlobalSection
	GlobalSection(SolutionProperties) = preSolution
		HideSolutionNode = FALSE
	EndGlobalSection
EndGlobal
