Microsoft Visual Studio Solution File, Format Version 9.00
# Visual Studio 2005
Project("{8BC9CEB8-8B4A-11D0-8D11-00A0C91BC942}") = "minimalSqPlus", "minimalSqPlus.vcproj", "{C45BEE7F-0E5E-488B-B7C9-3F4A4385DD8B}"
EndProject
Global
	GlobalSection(SolutionConfigurationPlatforms) = preSolution
		Debug - Unicode|Win32 = Debug - Unicode|Win32
		Debug|Win32 = Debug|Win32
		Release - Unicode|Win32 = Release - Unicode|Win32
		Release|Win32 = Release|Win32
	EndGlobalSection
	GlobalSection(ProjectConfigurationPlatforms) = postSolution
		{C45BEE7F-0E5E-488B-B7C9-3F4A4385DD8B}.Debug - Unicode|Win32.ActiveCfg = Debug - Unicode|Win32
		{C45BEE7F-0E5E-488B-B7C9-3F4A4385DD8B}.Debug - Unicode|Win32.Build.0 = Debug - Unicode|Win32
		{C45BEE7F-0E5E-488B-B7C9-3F4A4385DD8B}.Debug|Win32.ActiveCfg = Debug|Win32
		{C45BEE7F-0E5E-488B-B7C9-3F4A4385DD8B}.Debug|Win32.Build.0 = Debug|Win32
		{C45BEE7F-0E5E-488B-B7C9-3F4A4385DD8B}.Release - Unicode|Win32.ActiveCfg = Release - Unicode|Win32
		{C45BEE7F-0E5E-488B-B7C9-3F4A4385DD8B}.Release - Unicode|Win32.Build.0 = Release - Unicode|Win32
		{C45BEE7F-0E5E-488B-B7C9-3F4A4385DD8B}.Release|Win32.ActiveCfg = Release|Win32
		{C45BEE7F-0E5E-488B-B7C9-3F4A4385DD8B}.Release|Win32.Build.0 = Release|Win32
	EndGlobalSection
	GlobalSection(SolutionProperties) = preSolution
		HideSolutionNode = FALSE
	EndGlobalSection
EndGlobal
