Microsoft Visual Studio Solution File, Format Version 9.00
# Visual Studio 2005
Project("{8BC9CEB8-8B4A-11D0-8D11-00A0C91BC942}") = "CalendarDemo", "..\..\Samples\Calendar\CalendarDemo\CalendarDemo_vc80.vcproj", "{31598828-1918-7243-4757-819758584256}"
EndProject
Project("{8BC9CEB8-8B4A-11D0-8D11-00A0C91BC942}") = "DatePickerDemo", "..\..\Samples\Calendar\DatePickerDemo\DatePickerDemo_vc80.vcproj", "{65425562-8164-6346-9497-138612994296}"
EndProject
