Microsoft Visual Studio Solution File, Format Version 10.00
# Visual Studio 2008
Project("{8BC9CEB8-8B4A-11D0-8D11-00A0C91BC942}") = "ActionsSample", "..\..\Samples\CommandBars\ActionsSample\ActionsSample_vc90.vcproj", "{33296987-9747-7937-9187-746153282946}"
EndProject
Project("{8BC9CEB8-8B4A-11D0-8D11-00A0C91BC942}") = "CommandBarIcons", "..\..\Samples\CommandBars\CommandBarIcons\CommandBarIcons_vc90.vcproj", "{88594383-7495-1633-8259-232879323885}"
EndProject
Project("{8BC9CEB8-8B4A-11D0-8D11-00A0C91BC942}") = "CommonControls", "..\..\Samples\CommandBars\CommonControls\CommonControls_vc90.vcproj", "{85583451-5556-9822-7655-893677178443}"
EndProject
Project("{8BC9CEB8-8B4A-11D0-8D11-00A0C91BC942}") = "CustomThemes", "..\..\Samples\CommandBars\CustomThemes\CustomThemes_vc90.vcproj", "{89727433-2219-3422-2974-755568775684}"
EndProject
Project("{8BC9CEB8-8B4A-11D0-8D11-00A0C91BC942}") = "CustomizeDlg", "..\..\Samples\CommandBars\CustomizeDlg\CustomizeDlg_vc90.vcproj", "{14644177-9365-1615-8725-983422184744}"
EndProject
Project("{8BC9CEB8-8B4A-11D0-8D11-00A0C91BC942}") = "DesignerSample", "..\..\Samples\CommandBars\DesignerSample\DesignerSample_vc90.vcproj", "{79942574-7924-5312-6888-478147236583}"
EndProject
Project("{8BC9CEB8-8B4A-11D0-8D11-00A0C91BC942}") = "DialogSample", "..\..\Samples\CommandBars\DialogSample\DialogSample_vc90.vcproj", "{72554521-2698-1899-2356-152538873574}"
EndProject
Project("{8BC9CEB8-8B4A-11D0-8D11-00A0C91BC942}") = "DynamicPopups", "..\..\Samples\CommandBars\DynamicPopups\DynamicPopups_vc90.vcproj", "{75888513-9253-3489-6675-913529479725}"
EndProject
Project("{8BC9CEB8-8B4A-11D0-8D11-00A0C91BC942}") = "GUI_Gnome", "..\..\Samples\UserInterface\GUI_Gnome\GUI_Gnome_vc90.vcproj", "{99614247-7318-2683-3326-232373798875}"
EndProject
Project("{8BC9CEB8-8B4A-11D0-8D11-00A0C91BC942}") = "GUI_MsMoney", "..\..\Samples\UserInterface\GUI_MsMoney\GUI_MsMoney_vc90.vcproj", "{65912653-4966-5378-1499-636198831623}"
EndProject
Project("{8BC9CEB8-8B4A-11D0-8D11-00A0C91BC942}") = "GUI_OneNote", "..\..\Samples\UserInterface\GUI_OneNote\GUI_OneNote_vc90.vcproj", "{52992611-2227-4477-9884-397796785271}"
EndProject
Project("{8BC9CEB8-8B4A-11D0-8D11-00A0C91BC942}") = "GUI_WinZip", "..\..\Samples\UserInterface\GUI_WinZip\GUI_WinZip_vc90.vcproj", "{56236793-9871-7167-4213-359787483522}"
EndProject
Project("{8BC9CEB8-8B4A-11D0-8D11-00A0C91BC942}") = "GallerySample", "..\..\Samples\CommandBars\GallerySample\GallerySample_vc90.vcproj", "{81153447-7936-5251-1954-578541792572}"
EndProject
Project("{8BC9CEB8-8B4A-11D0-8D11-00A0C91BC942}") = "HelpContext", "..\..\Samples\CommandBars\HelpContext\HelpContext_vc90.vcproj", "{46459743-4685-8857-8927-973366834321}"
EndProject
Project("{8BC9CEB8-8B4A-11D0-8D11-00A0C91BC942}") = "IntelligentMenus", "..\..\Samples\CommandBars\IntelligentMenus\IntelligentMenus_vc90.vcproj", "{43349811-2845-7146-8522-644975688978}"
EndProject
Project("{8BC9CEB8-8B4A-11D0-8D11-00A0C91BC942}") = "ListBoxSample", "..\..\Samples\CommandBars\ListBoxSample\ListBoxSample_vc90.vcproj", "{46684884-9498-1746-3841-696955386229}"
EndProject
Project("{8BC9CEB8-8B4A-11D0-8D11-00A0C91BC942}") = "MDIMenus", "..\..\Samples\CommandBars\MDIMenus\MDIMenus_vc90.vcproj", "{61491537-7654-8839-8582-825718695279}"
EndProject
Project("{8BC9CEB8-8B4A-11D0-8D11-00A0C91BC942}") = "MSDI", "..\..\Samples\CommandBars\MSDI\MSDI_vc90.vcproj", "{36718934-4323-3535-6655-329535747927}"
EndProject
Project("{8BC9CEB8-8B4A-11D0-8D11-00A0C91BC942}") = "Notifications", "..\..\Samples\CommandBars\Notifications\Notifications_vc90.vcproj", "{23787992-2573-2724-6141-981243692675}"
EndProject
Project("{8BC9CEB8-8B4A-11D0-8D11-00A0C91BC942}") = "ReBarSample", "..\..\Samples\CommandBars\ReBarSample\ReBarSample_vc90.vcproj", "{26932174-9136-4324-1469-943224288836}"
EndProject
Project("{8BC9CEB8-8B4A-11D0-8D11-00A0C91BC942}") = "RibbonMDISample", "..\..\Samples\Ribbon\RibbonMDISample\RibbonMDISample_vc90.vcproj", "{51848728-7283-3517-6121-262977618876}"
EndProject
Project("{8BC9CEB8-8B4A-11D0-8D11-00A0C91BC942}") = "RibbonSample", "..\..\Samples\Ribbon\RibbonSample\RibbonSample_vc90.vcproj", "{16256124-4841-6293-4283-666713741735}"
EndProject
Project("{8BC9CEB8-8B4A-11D0-8D11-00A0C91BC942}") = "Scribble", "..\..\Samples\CommandBars\ScribbleMultiLang\scribble_vc90.vcproj", "{78919445-2992-4391-7289-342711625277}"
EndProject
Project("{8BC9CEB8-8B4A-11D0-8D11-00A0C91BC942}") = "SmartLayout", "..\..\Samples\CommandBars\SmartLayout\SmartLayout_vc90.vcproj", "{96479264-9755-8983-8997-379482292534}"
EndProject
Project("{8BC9CEB8-8B4A-11D0-8D11-00A0C91BC942}") = "StatusBar", "..\..\Samples\CommandBars\StatusBar\StatusBar_vc90.vcproj", "{31296818-7811-6185-4748-418345512674}"
EndProject
Project("{8BC9CEB8-8B4A-11D0-8D11-00A0C91BC942}") = "TabbedToolbar", "..\..\Samples\CommandBars\TabbedToolbar\TabbedToolbar_vc90.vcproj", "{96594315-4568-1772-2822-893971644433}"
EndProject
Project("{8BC9CEB8-8B4A-11D0-8D11-00A0C91BC942}") = "TearOffPopups", "..\..\Samples\CommandBars\TearOffPopups\TearOffPopups_vc90.vcproj", "{69357635-2621-7878-5728-688978537874}"
EndProject
Project("{8BC9CEB8-8B4A-11D0-8D11-00A0C91BC942}") = "ToolTipContext", "..\..\Samples\CommandBars\ToolTipContext\ToolTipContext_vc90.vcproj", "{83441334-6797-8969-3618-438443896654}"
EndProject
Project("{8BC9CEB8-8B4A-11D0-8D11-00A0C91BC942}") = "WordPad", "..\..\Samples\UserInterface\GUI_Office11\wordpad_vc90.vcproj", "{27367978-4854-7153-9359-666296226714}"
EndProject
