Microsoft Visual Studio Solution File, Format Version 8.00
Project("{8BC9CEB8-8B4A-11D0-8D11-00A0C91BC942}") = "Animation", "..\..\Samples\Controls\Animation\Animation_vc71.vcproj", "{39842928-7154-5795-4168-641322376391}"
EndProject
Project("{8BC9CEB8-8B4A-11D0-8D11-00A0C91BC942}") = "BrowseDialog", "..\..\Samples\Controls\BrowseDialog\BrowseDialog_vc71.vcproj", "{95249434-5712-9492-2241-145147418259}"
EndProject
Project("{8BC9CEB8-8B4A-11D0-8D11-00A0C91BC942}") = "BrowseEdit", "..\..\Samples\Controls\BrowseEdit\BrowseEdit_vc71.vcproj", "{82138592-2962-8681-1636-716746263717}"
EndProject
Project("{8BC9CEB8-8B4A-11D0-8D11-00A0C91BC942}") = "Button", "..\..\Samples\Controls\Button\Button_vc71.vcproj", "{92196454-7941-7679-2138-671419652482}"
EndProject
Project("{8BC9CEB8-8B4A-11D0-8D11-00A0C91BC942}") = "CaptionBar", "..\..\Samples\Controls\CaptionBar\CaptionBar_vc71.vcproj", "{26813197-4196-6773-8778-899262971432}"
EndProject
Project("{8BC9CEB8-8B4A-11D0-8D11-00A0C91BC942}") = "CheckListBox", "..\..\Samples\Controls\CheckListBox\CheckListBox_vc71.vcproj", "{82221594-2755-9468-6842-394998113381}"
EndProject
Project("{8BC9CEB8-8B4A-11D0-8D11-00A0C91BC942}") = "ColorPicker", "..\..\Samples\Controls\ColorPicker\ColorPicker_vc71.vcproj", "{78299562-9915-8668-5347-965696967848}"
EndProject
Project("{8BC9CEB8-8B4A-11D0-8D11-00A0C91BC942}") = "EditListBox", "..\..\Samples\Controls\EditListBox\EditListBox_vc71.vcproj", "{72444544-7668-2358-1666-927687664189}"
EndProject
Project("{8BC9CEB8-8B4A-11D0-8D11-00A0C91BC942}") = "ExcelTabDlg", "..\..\Samples\Controls\ExcelTabDlg\ExcelTabDlg_vc71.vcproj", "{16361388-4725-9451-6317-146441974239}"
EndProject
Project("{8BC9CEB8-8B4A-11D0-8D11-00A0C91BC942}") = "ExcelTabView", "..\..\Samples\Controls\ExcelTabView\ExcelTabView_vc71.vcproj", "{62668684-2473-3147-4479-641266126988}"
EndProject
Project("{8BC9CEB8-8B4A-11D0-8D11-00A0C91BC942}") = "FlatCombo", "..\..\Samples\Controls\FlatCombo\FlatCombo_vc71.vcproj", "{68547752-9643-3336-4865-392965861546}"
EndProject
Project("{8BC9CEB8-8B4A-11D0-8D11-00A0C91BC942}") = "FlatHeader", "..\..\Samples\Controls\FlatHeader\FlatHeader_vc71.vcproj", "{62882734-6287-5836-8284-254855567786}"
EndProject
Project("{8BC9CEB8-8B4A-11D0-8D11-00A0C91BC942}") = "FontCombo", "..\..\Samples\Controls\FontCombo\FontCombo_vc71.vcproj", "{87618478-4443-4129-4935-483618887836}"
EndProject
Project("{8BC9CEB8-8B4A-11D0-8D11-00A0C91BC942}") = "HexEdit", "..\..\Samples\Controls\HexEdit\HexEdit_vc71.vcproj", "{53916875-2111-7725-2918-877434929685}"
EndProject
Project("{8BC9CEB8-8B4A-11D0-8D11-00A0C91BC942}") = "HyperLink", "..\..\Samples\Controls\HyperLink\HyperLink_vc71.vcproj", "{49995843-8261-6815-2593-648243874243}"
EndProject
Project("{8BC9CEB8-8B4A-11D0-8D11-00A0C91BC942}") = "ListCtrl", "..\..\Samples\Controls\ListCtrl\ListCtrl_vc71.vcproj", "{43239925-6825-9515-6822-591124471584}"
EndProject
Project("{8BC9CEB8-8B4A-11D0-8D11-00A0C91BC942}") = "MDITabWindows", "..\..\Samples\Controls\MDITabWindows\MDITabWindows_vc71.vcproj", "{77156669-4971-7697-2563-738976881534}"
EndProject
Project("{8BC9CEB8-8B4A-11D0-8D11-00A0C91BC942}") = "MaskEdit", "..\..\Samples\Controls\MaskEdit\MaskEdit_vc71.vcproj", "{33454965-2638-1384-9636-224693922383}"
EndProject
Project("{8BC9CEB8-8B4A-11D0-8D11-00A0C91BC942}") = "OutlookBar", "..\..\Samples\Controls\OutlookBar\OutlookBar_vc71.vcproj", "{39343133-8889-9583-9131-885411777941}"
EndProject
Project("{8BC9CEB8-8B4A-11D0-8D11-00A0C91BC942}") = "Pager", "..\..\Samples\Controls\Pager\Pager_vc71.vcproj", "{23677125-6543-3273-4459-847382474281}"
EndProject
Project("{8BC9CEB8-8B4A-11D0-8D11-00A0C91BC942}") = "PopupControl", "..\..\Samples\Controls\PopupControl\PopupControl_vc71.vcproj", "{57494759-4698-1376-9191-165245793231}"
EndProject
Project("{8BC9CEB8-8B4A-11D0-8D11-00A0C91BC942}") = "PropertySheet", "..\..\Samples\Controls\PropertySheet\PropertySheet_vc71.vcproj", "{23792265-2357-5962-7264-561971835189}"
EndProject
Project("{8BC9CEB8-8B4A-11D0-8D11-00A0C91BC942}") = "SearchOptions", "..\..\Samples\Controls\SearchOptions\SearchOptions_vc71.vcproj", "{82278465-7734-8457-7244-168662511965}"
EndProject
Project("{8BC9CEB8-8B4A-11D0-8D11-00A0C91BC942}") = "SplitterWindow", "..\..\Samples\Controls\SplitterWindow\SplitterWindow_vc71.vcproj", "{19648285-4586-3259-8951-195343178322}"
EndProject
Project("{8BC9CEB8-8B4A-11D0-8D11-00A0C91BC942}") = "TabCtrl", "..\..\Samples\Controls\TabCtrl\TabCtrl_vc71.vcproj", "{44565838-2642-2343-5712-324196497362}"
EndProject
Project("{8BC9CEB8-8B4A-11D0-8D11-00A0C91BC942}") = "TabbedView", "..\..\Samples\Controls\TabbedView\TabbedView_vc71.vcproj", "{19873335-8399-5949-3875-728822539221}"
EndProject
Project("{8BC9CEB8-8B4A-11D0-8D11-00A0C91BC942}") = "TipOfTheDay", "..\..\Samples\Controls\TipOfTheDay\TipOfTheDay_vc71.vcproj", "{72626655-7452-3136-5772-415839414663}"
EndProject
Project("{8BC9CEB8-8B4A-11D0-8D11-00A0C91BC942}") = "TipWindow", "..\..\Samples\Controls\TipWindow\TipWindow_vc71.vcproj", "{99196375-4114-7738-6689-442511182929}"
EndProject
Project("{8BC9CEB8-8B4A-11D0-8D11-00A0C91BC942}") = "ToolBoxDemo", "..\..\Samples\Controls\ToolBoxDemo\ToolBoxDemo_vc71.vcproj", "{34813129-2369-5922-3331-661364491969}"
EndProject
Project("{8BC9CEB8-8B4A-11D0-8D11-00A0C91BC942}") = "TrayIconDemo", "..\..\Samples\Controls\TrayIcon\TrayIconDemo_vc71.vcproj", "{89221425-8928-9617-1413-165199533827}"
EndProject
Project("{8BC9CEB8-8B4A-11D0-8D11-00A0C91BC942}") = "TrayIconDlg", "..\..\Samples\Controls\TrayIconDlg\TrayIconDlg_vc71.vcproj", "{52974746-6179-6614-3419-751197427369}"
EndProject
Project("{8BC9CEB8-8B4A-11D0-8D11-00A0C91BC942}") = "TreeCtrl", "..\..\Samples\Controls\TreeCtrl\TreeCtrl_vc71.vcproj", "{79444565-4732-1496-4227-688778985626}"
EndProject
Project("{8BC9CEB8-8B4A-11D0-8D11-00A0C91BC942}") = "VistaTaskDialog", "..\..\Samples\Controls\VistaTaskDialog\VistaTaskDialog_vc71.vcproj", "{14351219-2888-9599-1968-817532314766}"
EndProject
Project("{8BC9CEB8-8B4A-11D0-8D11-00A0C91BC942}") = "WinExplorer", "..\..\Samples\Controls\WinExplorer\WinExplorer_vc71.vcproj", "{79668616-8556-3286-8932-312367446525}"
EndProject
Project("{8BC9CEB8-8B4A-11D0-8D11-00A0C91BC942}") = "WindowPos", "..\..\Samples\Controls\WindowPos\WindowPos_vc71.vcproj", "{43422936-6697-1383-1938-187366321967}"
EndProject
