Microsoft Visual Studio Solution File, Format Version 9.00
# Visual Studio 2005
Project("{8BC9CEB8-8B4A-11D0-8D11-00A0C91BC942}") = "BindSample", "..\..\Samples\PropertyGrid\BindSample\BindSample_vc80.vcproj", "{83662732-8267-1152-5162-397231993877}"
EndProject
Project("{8BC9CEB8-8B4A-11D0-8D11-00A0C91BC942}") = "DrawCli", "..\..\Samples\PropertyGrid\DrawClient\drawcli_vc80.vcproj", "{27488476-6323-8254-1723-526984313837}"
EndProject
Project("{8BC9CEB8-8B4A-11D0-8D11-00A0C91BC942}") = "OwnerDraw", "..\..\Samples\PropertyGrid\OwnerDraw\OwnerDraw_vc80.vcproj", "{83886872-3972-2841-8885-921711454676}"
EndProject
Project("{8BC9CEB8-8B4A-11D0-8D11-00A0C91BC942}") = "PropertyGrid", "..\..\Samples\PropertyGrid\GridSample\PropertyGrid_vc80.vcproj", "{79775949-1232-1149-8371-682428219334}"
EndProject
