Microsoft Visual Studio Solution File, Format Version 9.00
# Visual Studio 2005
Project("{8BC9CEB8-8B4A-11D0-8D11-00A0C91BC942}") = "ReportDialog", "..\..\Samples\ReportControl\ReportDialog\ReportDialog_vc80.vcproj", "{62391977-2979-5748-7542-845519393177}"
EndProject
Project("{8BC9CEB8-8B4A-11D0-8D11-00A0C91BC942}") = "ReportSample", "..\..\Samples\ReportControl\ReportSample\ReportSample_vc80.vcproj", "{86127622-9135-3932-4383-164363723227}"
EndProject
Project("{8BC9CEB8-8B4A-11D0-8D11-00A0C91BC942}") = "VirtualList", "..\..\Samples\ReportControl\VirtualList\VirtualList_vc80.vcproj", "{52525128-7784-6637-2366-568198755976}"
EndProject
