Microsoft Visual Studio Solution File, Format Version 9.00
# Visual Studio 2005
Project("{8BC9CEB8-8B4A-11D0-8D11-00A0C91BC942}") = "ActionsSample", "..\..\Samples\CommandBars\ActionsSample\ActionsSample_vc80.vcproj", "{45344962-9676-4221-9683-794262428192}"
EndProject
Project("{8BC9CEB8-8B4A-11D0-8D11-00A0C91BC942}") = "CommandBarIcons", "..\..\Samples\CommandBars\CommandBarIcons\CommandBarIcons_vc80.vcproj", "{79161616-7832-3424-5444-923125848242}"
EndProject
Project("{8BC9CEB8-8B4A-11D0-8D11-00A0C91BC942}") = "CommonControls", "..\..\Samples\CommandBars\CommonControls\CommonControls_vc80.vcproj", "{42282992-2815-3419-1589-339633772424}"
EndProject
Project("{8BC9CEB8-8B4A-11D0-8D11-00A0C91BC942}") = "CustomThemes", "..\..\Samples\CommandBars\CustomThemes\CustomThemes_vc80.vcproj", "{14845312-9966-9596-3486-125642656876}"
EndProject
Project("{8BC9CEB8-8B4A-11D0-8D11-00A0C91BC942}") = "CustomizeDlg", "..\..\Samples\CommandBars\CustomizeDlg\CustomizeDlg_vc80.vcproj", "{32415142-6628-4298-4394-953223223223}"
EndProject
Project("{8BC9CEB8-8B4A-11D0-8D11-00A0C91BC942}") = "DesignerSample", "..\..\Samples\CommandBars\DesignerSample\DesignerSample_vc80.vcproj", "{66232786-4875-3382-1945-272176543373}"
EndProject
Project("{8BC9CEB8-8B4A-11D0-8D11-00A0C91BC942}") = "DialogSample", "..\..\Samples\CommandBars\DialogSample\DialogSample_vc80.vcproj", "{32549282-2533-6987-8117-676892675132}"
EndProject
Project("{8BC9CEB8-8B4A-11D0-8D11-00A0C91BC942}") = "DynamicPopups", "..\..\Samples\CommandBars\DynamicPopups\DynamicPopups_vc80.vcproj", "{94383513-9684-4174-1115-352819558573}"
EndProject
Project("{8BC9CEB8-8B4A-11D0-8D11-00A0C91BC942}") = "GUI_Gnome", "..\..\Samples\UserInterface\GUI_Gnome\GUI_Gnome_vc80.vcproj", "{87537585-7248-7774-5434-314789256824}"
EndProject
Project("{8BC9CEB8-8B4A-11D0-8D11-00A0C91BC942}") = "GUI_MsMoney", "..\..\Samples\UserInterface\GUI_MsMoney\GUI_MsMoney_vc80.vcproj", "{56579976-4493-6969-8673-528344545979}"
EndProject
Project("{8BC9CEB8-8B4A-11D0-8D11-00A0C91BC942}") = "GUI_OneNote", "..\..\Samples\UserInterface\GUI_OneNote\GUI_OneNote_vc80.vcproj", "{88752635-3152-8554-9257-937479617623}"
EndProject
Project("{8BC9CEB8-8B4A-11D0-8D11-00A0C91BC942}") = "GUI_WinZip", "..\..\Samples\UserInterface\GUI_WinZip\GUI_WinZip_vc80.vcproj", "{75641693-9213-7753-8643-698177562371}"
EndProject
Project("{8BC9CEB8-8B4A-11D0-8D11-00A0C91BC942}") = "GallerySample", "..\..\Samples\CommandBars\GallerySample\GallerySample_vc80.vcproj", "{78975675-7866-1443-3962-651958168522}"
EndProject
Project("{8BC9CEB8-8B4A-11D0-8D11-00A0C91BC942}") = "HelpContext", "..\..\Samples\CommandBars\HelpContext\HelpContext_vc80.vcproj", "{36937167-4131-1648-6211-865512458677}"
EndProject
Project("{8BC9CEB8-8B4A-11D0-8D11-00A0C91BC942}") = "IntelligentMenus", "..\..\Samples\CommandBars\IntelligentMenus\IntelligentMenus_vc80.vcproj", "{68299725-3671-3232-7785-374647511429}"
EndProject
Project("{8BC9CEB8-8B4A-11D0-8D11-00A0C91BC942}") = "ListBoxSample", "..\..\Samples\CommandBars\ListBoxSample\ListBoxSample_vc80.vcproj", "{55188883-9841-2431-7271-945346465977}"
EndProject
Project("{8BC9CEB8-8B4A-11D0-8D11-00A0C91BC942}") = "MDIMenus", "..\..\Samples\CommandBars\MDIMenus\MDIMenus_vc80.vcproj", "{58323866-7584-4921-2599-997236162228}"
EndProject
Project("{8BC9CEB8-8B4A-11D0-8D11-00A0C91BC942}") = "MSDI", "..\..\Samples\CommandBars\MSDI\MSDI_vc80.vcproj", "{83249519-5649-3214-7341-226189482368}"
EndProject
Project("{8BC9CEB8-8B4A-11D0-8D11-00A0C91BC942}") = "Notifications", "..\..\Samples\CommandBars\Notifications\Notifications_vc80.vcproj", "{58547916-2318-6819-5314-621815524127}"
EndProject
Project("{8BC9CEB8-8B4A-11D0-8D11-00A0C91BC942}") = "ReBarSample", "..\..\Samples\CommandBars\ReBarSample\ReBarSample_vc80.vcproj", "{45436974-9568-5999-5818-382514378675}"
EndProject
Project("{8BC9CEB8-8B4A-11D0-8D11-00A0C91BC942}") = "RibbonMDISample", "..\..\Samples\Ribbon\RibbonMDISample\RibbonMDISample_vc80.vcproj", "{48761156-7122-8699-9237-244494965926}"
EndProject
Project("{8BC9CEB8-8B4A-11D0-8D11-00A0C91BC942}") = "RibbonSample", "..\..\Samples\Ribbon\RibbonSample\RibbonSample_vc80.vcproj", "{63587791-5378-6782-5878-462357385966}"
EndProject
Project("{8BC9CEB8-8B4A-11D0-8D11-00A0C91BC942}") = "Scribble", "..\..\Samples\CommandBars\ScribbleMultiLang\scribble_vc80.vcproj", "{45618185-9352-6877-9925-779766228258}"
EndProject
Project("{8BC9CEB8-8B4A-11D0-8D11-00A0C91BC942}") = "SmartLayout", "..\..\Samples\CommandBars\SmartLayout\SmartLayout_vc80.vcproj", "{32597143-7512-6976-9419-541565173716}"
EndProject
Project("{8BC9CEB8-8B4A-11D0-8D11-00A0C91BC942}") = "StatusBar", "..\..\Samples\CommandBars\StatusBar\StatusBar_vc80.vcproj", "{35842136-4165-8666-4738-493455679956}"
EndProject
Project("{8BC9CEB8-8B4A-11D0-8D11-00A0C91BC942}") = "TabbedToolbar", "..\..\Samples\CommandBars\TabbedToolbar\TabbedToolbar_vc80.vcproj", "{69658869-2321-7769-9579-621318189196}"
EndProject
Project("{8BC9CEB8-8B4A-11D0-8D11-00A0C91BC942}") = "TearOffPopups", "..\..\Samples\CommandBars\TearOffPopups\TearOffPopups_vc80.vcproj", "{25966276-9979-1455-7553-125934222855}"
EndProject
Project("{8BC9CEB8-8B4A-11D0-8D11-00A0C91BC942}") = "ToolTipContext", "..\..\Samples\CommandBars\ToolTipContext\ToolTipContext_vc80.vcproj", "{12845344-6139-9655-7147-787733976413}"
EndProject
Project("{8BC9CEB8-8B4A-11D0-8D11-00A0C91BC942}") = "WordPad", "..\..\Samples\UserInterface\GUI_Office11\wordpad_vc80.vcproj", "{15289326-4783-3345-2466-748624673754}"
EndProject
Project("{8BC9CEB8-8B4A-11D0-8D11-00A0C91BC942}") = "SkinControls", "..\..\Samples\SkinFramework\SkinControls\SkinControls_vc80.vcproj", "{49996961-2849-1437-8117-967576993794}"
EndProject
Project("{8BC9CEB8-8B4A-11D0-8D11-00A0C91BC942}") = "SkinMDISample", "..\..\Samples\SkinFramework\SkinMDISample\SkinMDISample_vc80.vcproj", "{15414466-9597-4134-6271-462393134553}"
EndProject
Project("{8BC9CEB8-8B4A-11D0-8D11-00A0C91BC942}") = "SkinSDISample", "..\..\Samples\SkinFramework\SkinSDISample\SkinSDISample_vc80.vcproj", "{92383434-6757-4323-5676-123911989211}"
EndProject
