Microsoft Visual Studio Solution File, Format Version 8.00
Project("{8BC9CEB8-8B4A-11D0-8D11-00A0C91BC942}") = "ActionsSample", "..\..\Samples\CommandBars\ActionsSample\ActionsSample_vc71.vcproj", "{76889144-9756-7569-3938-343464516767}"
EndProject
Project("{8BC9CEB8-8B4A-11D0-8D11-00A0C91BC942}") = "ActivePaneView", "..\..\Samples\DockingPane\ActivePaneView\ActivePaneView_vc71.vcproj", "{94359874-6418-2252-4846-371945174124}"
EndProject
Project("{8BC9CEB8-8B4A-11D0-8D11-00A0C91BC942}") = "Advanced", "..\..\Samples\ToolkitPro\Advanced\Advanced_vc71.vcproj", "{38176517-4564-9454-1587-419898493274}"
EndProject
Project("{8BC9CEB8-8B4A-11D0-8D11-00A0C91BC942}") = "BindSample", "..\..\Samples\PropertyGrid\BindSample\BindSample_vc71.vcproj", "{84574924-2222-4141-8661-894634535923}"
EndProject
Project("{8BC9CEB8-8B4A-11D0-8D11-00A0C91BC942}") = "CalendarDemo", "..\..\Samples\Calendar\CalendarDemo\CalendarDemo_vc71.vcproj", "{56237334-9374-1147-1667-689642419465}"
EndProject
Project("{8BC9CEB8-8B4A-11D0-8D11-00A0C91BC942}") = "CommandBarIcons", "..\..\Samples\CommandBars\CommandBarIcons\CommandBarIcons_vc71.vcproj", "{51562327-7937-4737-6986-642523116726}"
EndProject
Project("{8BC9CEB8-8B4A-11D0-8D11-00A0C91BC942}") = "CommandBarsDesigner", "..\..\Samples\Utilities\CommandBarsDesigner\CommandBarsDesigner_vc71.vcproj", "{18524718-4282-4923-8225-746176396872}"
EndProject
Project("{8BC9CEB8-8B4A-11D0-8D11-00A0C91BC942}") = "CommonControls", "..\..\Samples\CommandBars\CommonControls\CommonControls_vc71.vcproj", "{41686467-2742-6526-9799-365292568524}"
EndProject
Project("{8BC9CEB8-8B4A-11D0-8D11-00A0C91BC942}") = "CustomThemes", "..\..\Samples\CommandBars\CustomThemes\CustomThemes_vc71.vcproj", "{44231566-6328-3574-3276-831978597437}"
EndProject
Project("{8BC9CEB8-8B4A-11D0-8D11-00A0C91BC942}") = "CustomizeDlg", "..\..\Samples\CommandBars\CustomizeDlg\CustomizeDlg_vc71.vcproj", "{47566548-4972-6274-7595-883858195777}"
EndProject
Project("{8BC9CEB8-8B4A-11D0-8D11-00A0C91BC942}") = "DatePickerDemo", "..\..\Samples\Calendar\DatePickerDemo\DatePickerDemo_vc71.vcproj", "{95517939-1236-6469-9734-996413485834}"
EndProject
Project("{8BC9CEB8-8B4A-11D0-8D11-00A0C91BC942}") = "DesignerSample", "..\..\Samples\CommandBars\DesignerSample\DesignerSample_vc71.vcproj", "{37689688-9786-8954-1318-516547656576}"
EndProject
Project("{8BC9CEB8-8B4A-11D0-8D11-00A0C91BC942}") = "DialogPanes", "..\..\Samples\DockingPane\DialogPanes\DialogPanes_vc71.vcproj", "{34678656-6946-7253-1714-277246411234}"
EndProject
Project("{8BC9CEB8-8B4A-11D0-8D11-00A0C91BC942}") = "DialogSample", "..\..\Samples\CommandBars\DialogSample\DialogSample_vc71.vcproj", "{27814648-4699-9843-5133-139127198475}"
EndProject
Project("{8BC9CEB8-8B4A-11D0-8D11-00A0C91BC942}") = "DockingContainers", "..\..\Samples\DockingPane\DockingContainers\DockingContainers_vc71.vcproj", "{52739473-2756-8946-1874-357971427435}"
EndProject
Project("{8BC9CEB8-8B4A-11D0-8D11-00A0C91BC942}") = "DrawCli", "..\..\Samples\PropertyGrid\DrawClient\drawcli_vc71.vcproj", "{27137789-9414-2632-9847-752716559374}"
EndProject
Project("{8BC9CEB8-8B4A-11D0-8D11-00A0C91BC942}") = "DynamicPanes", "..\..\Samples\DockingPane\DynamicPanes\DynamicPanes_vc71.vcproj", "{14926847-6664-1831-8432-524414414832}"
EndProject
Project("{8BC9CEB8-8B4A-11D0-8D11-00A0C91BC942}") = "DynamicPopups", "..\..\Samples\CommandBars\DynamicPopups\DynamicPopups_vc71.vcproj", "{17352839-4228-4421-3751-475385911172}"
EndProject
Project("{8BC9CEB8-8B4A-11D0-8D11-00A0C91BC942}") = "GUI_Eclipse", "..\..\Samples\UserInterface\GUI_Eclipse\GUI_Eclipse_vc71.vcproj", "{42177564-2474-2624-9492-694248421232}"
EndProject
Project("{8BC9CEB8-8B4A-11D0-8D11-00A0C91BC942}") = "GUI_Explorer", "..\..\Samples\UserInterface\GUI_Explorer\GUI_Explorer_vc71.vcproj", "{97475979-9132-6319-7575-198974453971}"
EndProject
Project("{8BC9CEB8-8B4A-11D0-8D11-00A0C91BC942}") = "GUI_Gnome", "..\..\Samples\UserInterface\GUI_Gnome\GUI_Gnome_vc71.vcproj", "{94464947-6282-5499-6969-769673317538}"
EndProject
Project("{8BC9CEB8-8B4A-11D0-8D11-00A0C91BC942}") = "GUI_MsMoney", "..\..\Samples\UserInterface\GUI_MsMoney\GUI_MsMoney_vc71.vcproj", "{87699929-4846-7199-1388-722563914879}"
EndProject
Project("{8BC9CEB8-8B4A-11D0-8D11-00A0C91BC942}") = "GUI_OneNote", "..\..\Samples\UserInterface\GUI_OneNote\GUI_OneNote_vc71.vcproj", "{23425764-2992-6282-7939-941426334839}"
EndProject
Project("{8BC9CEB8-8B4A-11D0-8D11-00A0C91BC942}") = "GUI_Outlook", "..\..\Samples\UserInterface\GUI_Outlook\GUI_Outlook_vc71.vcproj", "{88823169-9659-9888-5193-445242466678}"
EndProject
Project("{8BC9CEB8-8B4A-11D0-8D11-00A0C91BC942}") = "GUI_VisualStudio", "..\..\Samples\UserInterface\GUI_VisualStudio\GUI_VisualStudio_vc71.vcproj", "{74712238-6821-8177-4598-116841221236}"
EndProject
Project("{8BC9CEB8-8B4A-11D0-8D11-00A0C91BC942}") = "GUI_WinZip", "..\..\Samples\UserInterface\GUI_WinZip\GUI_WinZip_vc71.vcproj", "{78147211-4574-2777-8827-168832827576}"
EndProject
Project("{8BC9CEB8-8B4A-11D0-8D11-00A0C91BC942}") = "GallerySample", "..\..\Samples\CommandBars\GallerySample\GallerySample_vc71.vcproj", "{13863854-2639-9861-5667-387685237536}"
EndProject
Project("{8BC9CEB8-8B4A-11D0-8D11-00A0C91BC942}") = "Grep", "..\..\Samples\Utilities\Grep\Grep_vc71.vcproj", "{68261351-9388-3556-3631-772411368375}"
EndProject
Project("{8BC9CEB8-8B4A-11D0-8D11-00A0C91BC942}") = "HelpContext", "..\..\Samples\CommandBars\HelpContext\HelpContext_vc71.vcproj", "{55151328-6548-3756-2236-443129224933}"
EndProject
Project("{8BC9CEB8-8B4A-11D0-8D11-00A0C91BC942}") = "IntelligentMenus", "..\..\Samples\CommandBars\IntelligentMenus\IntelligentMenus_vc71.vcproj", "{58485491-4192-5346-6555-495199721284}"
EndProject
Project("{8BC9CEB8-8B4A-11D0-8D11-00A0C91BC942}") = "ListBoxSample", "..\..\Samples\CommandBars\ListBoxSample\ListBoxSample_vc71.vcproj", "{99944924-8673-9837-9278-546645932667}"
EndProject
Project("{8BC9CEB8-8B4A-11D0-8D11-00A0C91BC942}") = "MDIMenus", "..\..\Samples\CommandBars\MDIMenus\MDIMenus_vc71.vcproj", "{55342429-6331-4534-7342-931462173416}"
EndProject
Project("{8BC9CEB8-8B4A-11D0-8D11-00A0C91BC942}") = "MDIPanes", "..\..\Samples\DockingPane\MDIPanes\MDIPanes_vc71.vcproj", "{52221487-4582-3723-7737-692169828164}"
EndProject
Project("{8BC9CEB8-8B4A-11D0-8D11-00A0C91BC942}") = "MDITabWindow", "..\..\Samples\ToolkitPro\MDITabWindow\MDITabWindow_vc71.vcproj", "{45566461-2245-5323-2156-654951525315}"
EndProject
Project("{8BC9CEB8-8B4A-11D0-8D11-00A0C91BC942}") = "MSDI", "..\..\Samples\CommandBars\MSDI\MSDI_vc71.vcproj", "{79382214-8391-4516-7897-783814844365}"
EndProject
Project("{8BC9CEB8-8B4A-11D0-8D11-00A0C91BC942}") = "MultiLanguage", "..\..\Samples\ToolkitPro\MultiLanguage\MultiLanguage_vc71.vcproj", "{45689511-6959-7212-5879-277639976213}"
EndProject
Project("{8BC9CEB8-8B4A-11D0-8D11-00A0C91BC942}") = "Notifications", "..\..\Samples\CommandBars\Notifications\Notifications_vc71.vcproj", "{32678678-4219-6391-5465-948348831761}"
EndProject
Project("{8BC9CEB8-8B4A-11D0-8D11-00A0C91BC942}") = "OwnerDraw", "..\..\Samples\PropertyGrid\OwnerDraw\OwnerDraw_vc71.vcproj", "{35814661-1763-9991-9784-891228438912}"
EndProject
Project("{8BC9CEB8-8B4A-11D0-8D11-00A0C91BC942}") = "Pane", "..\..\Samples\DockingPane\PaneSample\Pane_vc71.vcproj", "{69739395-8829-7184-5435-128172847162}"
EndProject
Project("{8BC9CEB8-8B4A-11D0-8D11-00A0C91BC942}") = "PaneActions", "..\..\Samples\DockingPane\PaneActions\PaneActions_vc71.vcproj", "{25137711-6677-2771-3598-524897879811}"
EndProject
Project("{8BC9CEB8-8B4A-11D0-8D11-00A0C91BC942}") = "PaneOptions", "..\..\Samples\ToolkitPro\PaneOptions\PaneOptions_vc71.vcproj", "{12926768-3747-1979-3993-285516734468}"
EndProject
Project("{8BC9CEB8-8B4A-11D0-8D11-00A0C91BC942}") = "PopupControl", "..\..\Samples\Controls\PopupControl\PopupControl_vc71.vcproj", "{15352751-1482-3669-7322-247486432629}"
EndProject
Project("{8BC9CEB8-8B4A-11D0-8D11-00A0C91BC942}") = "PrintPreview", "..\..\Samples\ToolkitPro\PrintPreview\PrintPreview_vc71.vcproj", "{49177585-8547-2763-4963-465349751769}"
EndProject
Project("{8BC9CEB8-8B4A-11D0-8D11-00A0C91BC942}") = "PropertyGrid", "..\..\Samples\PropertyGrid\GridSample\PropertyGrid_vc71.vcproj", "{15475892-6215-5458-2136-861176883527}"
EndProject
Project("{8BC9CEB8-8B4A-11D0-8D11-00A0C91BC942}") = "ReBarSample", "..\..\Samples\CommandBars\ReBarSample\ReBarSample_vc71.vcproj", "{92465969-3465-4657-1531-532774647165}"
EndProject
Project("{8BC9CEB8-8B4A-11D0-8D11-00A0C91BC942}") = "ReportSample", "..\..\Samples\ReportControl\ReportSample\ReportSample_vc71.vcproj", "{95699942-1129-7247-5859-584755344426}"
EndProject
Project("{8BC9CEB8-8B4A-11D0-8D11-00A0C91BC942}") = "ResourceEditor", "..\..\Samples\Utilities\ResourceEditor\ResourceEditor_vc71.vcproj", "{21425686-8275-5431-2691-712518654466}"
EndProject
Project("{8BC9CEB8-8B4A-11D0-8D11-00A0C91BC942}") = "RibbonSample", "..\..\Samples\Ribbon\RibbonSample\RibbonSample_vc71.vcproj", "{86823182-6833-9137-9664-217344786225}"
EndProject
Project("{8BC9CEB8-8B4A-11D0-8D11-00A0C91BC942}") = "Scribble", "..\..\Samples\CommandBars\ScribbleMultiLang\scribble_vc71.vcproj", "{64399382-2399-3523-8644-715134462191}"
EndProject
Project("{8BC9CEB8-8B4A-11D0-8D11-00A0C91BC942}") = "ShortcutBar", "..\..\Samples\ShortcutBar\ShortcutBar\ShortcutBar_vc71.vcproj", "{82771111-8163-7225-9551-742615948547}"
EndProject
Project("{8BC9CEB8-8B4A-11D0-8D11-00A0C91BC942}") = "SkinControls", "..\..\Samples\SkinFramework\SkinControls\SkinControls_vc71.vcproj", "{16586755-6228-6418-6292-961568458597}"
EndProject
Project("{8BC9CEB8-8B4A-11D0-8D11-00A0C91BC942}") = "SkinMDISample", "..\..\Samples\SkinFramework\SkinMDISample\SkinMDISample_vc71.vcproj", "{72894252-3876-9194-4365-465395581356}"
EndProject
Project("{8BC9CEB8-8B4A-11D0-8D11-00A0C91BC942}") = "SkinSDISample", "..\..\Samples\SkinFramework\SkinSDISample\SkinSDISample_vc71.vcproj", "{45657572-2938-7291-6362-141393475897}"
EndProject
Project("{8BC9CEB8-8B4A-11D0-8D11-00A0C91BC942}") = "SmartLayout", "..\..\Samples\CommandBars\SmartLayout\SmartLayout_vc71.vcproj", "{62128292-8681-2883-7189-188874942254}"
EndProject
Project("{8BC9CEB8-8B4A-11D0-8D11-00A0C91BC942}") = "StatusBar", "..\..\Samples\CommandBars\StatusBar\StatusBar_vc71.vcproj", "{97934946-6846-9986-4739-217737362294}"
EndProject
Project("{8BC9CEB8-8B4A-11D0-8D11-00A0C91BC942}") = "TabManager", "..\..\Samples\ToolkitPro\TabManager\TabManager_vc71.vcproj", "{53342342-3594-3672-2893-692563494153}"
EndProject
Project("{8BC9CEB8-8B4A-11D0-8D11-00A0C91BC942}") = "TabbedToolbar", "..\..\Samples\CommandBars\TabbedToolbar\TabbedToolbar_vc71.vcproj", "{25195662-1656-1779-5899-487561378595}"
EndProject
Project("{8BC9CEB8-8B4A-11D0-8D11-00A0C91BC942}") = "TabbedView", "..\..\Samples\ToolkitPro\TabbedView\TabbedView_vc71.vcproj", "{53566482-8318-5562-6627-325142855852}"
EndProject
Project("{8BC9CEB8-8B4A-11D0-8D11-00A0C91BC942}") = "TaskPanel", "..\..\Samples\TaskPanel\TaskPanel\TaskPanel_vc71.vcproj", "{77382136-6464-4654-2468-554995365992}"
EndProject
Project("{8BC9CEB8-8B4A-11D0-8D11-00A0C91BC942}") = "TearOffPopups", "..\..\Samples\CommandBars\TearOffPopups\TearOffPopups_vc71.vcproj", "{43689532-3123-7351-9531-948731496751}"
EndProject
Project("{8BC9CEB8-8B4A-11D0-8D11-00A0C91BC942}") = "ToolBox", "..\..\Samples\TaskPanel\ToolBox\ToolBox_vc71.vcproj", "{12166732-8699-1746-9411-646522173636}"
EndProject
Project("{8BC9CEB8-8B4A-11D0-8D11-00A0C91BC942}") = "ToolTipContext", "..\..\Samples\CommandBars\ToolTipContext\ToolTipContext_vc71.vcproj", "{49537562-5352-5548-1328-574193659973}"
EndProject
Project("{8BC9CEB8-8B4A-11D0-8D11-00A0C91BC942}") = "TrayIconDemo", "..\..\Samples\Controls\TrayIcon\TrayIconDemo_vc71.vcproj", "{64453215-3417-4632-6969-712956969933}"
EndProject
Project("{8BC9CEB8-8B4A-11D0-8D11-00A0C91BC942}") = "VirtualList", "..\..\Samples\ReportControl\VirtualList\VirtualList_vc71.vcproj", "{39751512-1165-7327-4142-297782191881}"
EndProject
Project("{8BC9CEB8-8B4A-11D0-8D11-00A0C91BC942}") = "WordPad", "..\..\Samples\UserInterface\GUI_Office11\wordpad_vc71.vcproj", "{92514832-8227-5425-7139-983789985333}"
EndProject
