Microsoft Visual Studio Solution File, Format Version 9.00
# Visual Studio 2005
Project("{8BC9CEB8-8B4A-11D0-8D11-00A0C91BC942}") = "ActionsSample", "..\..\Samples\CommandBars\ActionsSample\ActionsSample_vc80.vcproj", "{36358541-1521-1371-1364-768252663384}"
EndProject
Project("{8BC9CEB8-8B4A-11D0-8D11-00A0C91BC942}") = "ActivePaneView", "..\..\Samples\DockingPane\ActivePaneView\ActivePaneView_vc80.vcproj", "{51174285-8676-9464-6915-986195183344}"
EndProject
Project("{8BC9CEB8-8B4A-11D0-8D11-00A0C91BC942}") = "Advanced", "..\..\Samples\ToolkitPro\Advanced\Advanced_vc80.vcproj", "{26482682-6334-3161-4178-482831225183}"
EndProject
Project("{8BC9CEB8-8B4A-11D0-8D11-00A0C91BC942}") = "BindSample", "..\..\Samples\PropertyGrid\BindSample\BindSample_vc80.vcproj", "{88235912-4486-1257-7175-167849199635}"
EndProject
Project("{8BC9CEB8-8B4A-11D0-8D11-00A0C91BC942}") = "CalendarDemo", "..\..\Samples\Calendar\CalendarDemo\CalendarDemo_vc80.vcproj", "{16616632-1248-5959-8892-195421676982}"
EndProject
Project("{8BC9CEB8-8B4A-11D0-8D11-00A0C91BC942}") = "CommandBarIcons", "..\..\Samples\CommandBars\CommandBarIcons\CommandBarIcons_vc80.vcproj", "{41522476-8394-3143-4643-333374986942}"
EndProject
Project("{8BC9CEB8-8B4A-11D0-8D11-00A0C91BC942}") = "CommandBarsDesigner", "..\..\Samples\Utilities\CommandBarsDesigner\CommandBarsDesigner_vc80.vcproj", "{96839772-6962-6748-2616-728199128781}"
EndProject
Project("{8BC9CEB8-8B4A-11D0-8D11-00A0C91BC942}") = "CommonControls", "..\..\Samples\CommandBars\CommonControls\CommonControls_vc80.vcproj", "{69683193-4114-4835-5613-414117913332}"
EndProject
Project("{8BC9CEB8-8B4A-11D0-8D11-00A0C91BC942}") = "CustomThemes", "..\..\Samples\CommandBars\CustomThemes\CustomThemes_vc80.vcproj", "{63828175-2767-7525-9932-466987699573}"
EndProject
Project("{8BC9CEB8-8B4A-11D0-8D11-00A0C91BC942}") = "CustomizeDlg", "..\..\Samples\CommandBars\CustomizeDlg\CustomizeDlg_vc80.vcproj", "{22879566-8932-6721-2272-579542899648}"
EndProject
Project("{8BC9CEB8-8B4A-11D0-8D11-00A0C91BC942}") = "DatePickerDemo", "..\..\Samples\Calendar\DatePickerDemo\DatePickerDemo_vc80.vcproj", "{53142225-6572-8314-3746-189677151472}"
EndProject
Project("{8BC9CEB8-8B4A-11D0-8D11-00A0C91BC942}") = "DesignerSample", "..\..\Samples\CommandBars\DesignerSample\DesignerSample_vc80.vcproj", "{59931383-4742-7514-3241-751375815939}"
EndProject
Project("{8BC9CEB8-8B4A-11D0-8D11-00A0C91BC942}") = "DialogPanes", "..\..\Samples\DockingPane\DialogPanes\DialogPanes_vc80.vcproj", "{59988254-8711-7593-4543-624948314614}"
EndProject
Project("{8BC9CEB8-8B4A-11D0-8D11-00A0C91BC942}") = "DialogSample", "..\..\Samples\CommandBars\DialogSample\DialogSample_vc80.vcproj", "{18941636-6975-7788-7773-738593694779}"
EndProject
Project("{8BC9CEB8-8B4A-11D0-8D11-00A0C91BC942}") = "DockingContainers", "..\..\Samples\DockingPane\DockingContainers\DockingContainers_vc80.vcproj", "{49113394-4525-9382-8457-347637755513}"
EndProject
Project("{8BC9CEB8-8B4A-11D0-8D11-00A0C91BC942}") = "DrawCli", "..\..\Samples\PropertyGrid\DrawClient\drawcli_vc80.vcproj", "{46192453-1785-8571-7842-918336619161}"
EndProject
Project("{8BC9CEB8-8B4A-11D0-8D11-00A0C91BC942}") = "DynamicPanes", "..\..\Samples\DockingPane\DynamicPanes\DynamicPanes_vc80.vcproj", "{49336445-8348-1171-2261-861216217311}"
EndProject
Project("{8BC9CEB8-8B4A-11D0-8D11-00A0C91BC942}") = "DynamicPopups", "..\..\Samples\CommandBars\DynamicPopups\DynamicPopups_vc80.vcproj", "{64253178-6594-9364-8822-189169636461}"
EndProject
Project("{8BC9CEB8-8B4A-11D0-8D11-00A0C91BC942}") = "GUI_Eclipse", "..\..\Samples\UserInterface\GUI_Eclipse\GUI_Eclipse_vc80.vcproj", "{39551585-4253-3969-6985-584896768219}"
EndProject
Project("{8BC9CEB8-8B4A-11D0-8D11-00A0C91BC942}") = "GUI_Explorer", "..\..\Samples\UserInterface\GUI_Explorer\GUI_Explorer_vc80.vcproj", "{26449553-1313-2159-5471-355594523767}"
EndProject
Project("{8BC9CEB8-8B4A-11D0-8D11-00A0C91BC942}") = "GUI_Gnome", "..\..\Samples\UserInterface\GUI_Gnome\GUI_Gnome_vc80.vcproj", "{29784535-8966-5749-9799-217475219118}"
EndProject
Project("{8BC9CEB8-8B4A-11D0-8D11-00A0C91BC942}") = "GUI_MsMoney", "..\..\Samples\UserInterface\GUI_MsMoney\GUI_MsMoney_vc80.vcproj", "{54591379-6123-3842-6541-436338539168}"
EndProject
Project("{8BC9CEB8-8B4A-11D0-8D11-00A0C91BC942}") = "GUI_OneNote", "..\..\Samples\UserInterface\GUI_OneNote\GUI_OneNote_vc80.vcproj", "{19818675-4771-7538-4523-831164662817}"
EndProject
Project("{8BC9CEB8-8B4A-11D0-8D11-00A0C91BC942}") = "GUI_Outlook", "..\..\Samples\UserInterface\GUI_Outlook\GUI_Outlook_vc80.vcproj", "{16887743-1931-6737-3118-592763526565}"
EndProject
Project("{8BC9CEB8-8B4A-11D0-8D11-00A0C91BC942}") = "GUI_VisualStudio", "..\..\Samples\UserInterface\GUI_VisualStudio\GUI_VisualStudio_vc80.vcproj", "{19133725-8685-8427-7437-554653123725}"
EndProject
Project("{8BC9CEB8-8B4A-11D0-8D11-00A0C91BC942}") = "GUI_WinZip", "..\..\Samples\UserInterface\GUI_WinZip\GUI_WinZip_vc80.vcproj", "{35948469-6741-7521-4178-773596533765}"
EndProject
Project("{8BC9CEB8-8B4A-11D0-8D11-00A0C91BC942}") = "GallerySample", "..\..\Samples\CommandBars\GallerySample\GallerySample_vc80.vcproj", "{91356866-4498-1216-2241-277332575524}"
EndProject
Project("{8BC9CEB8-8B4A-11D0-8D11-00A0C91BC942}") = "Grep", "..\..\Samples\Utilities\Grep\Grep_vc80.vcproj", "{86235834-1659-9496-2646-838931429262}"
EndProject
Project("{8BC9CEB8-8B4A-11D0-8D11-00A0C91BC942}") = "HelpContext", "..\..\Samples\CommandBars\HelpContext\HelpContext_vc80.vcproj", "{81571816-8213-3996-6965-881821126423}"
EndProject
Project("{8BC9CEB8-8B4A-11D0-8D11-00A0C91BC942}") = "IntelligentMenus", "..\..\Samples\CommandBars\IntelligentMenus\IntelligentMenus_vc80.vcproj", "{25396651-6468-1288-2616-129774446463}"
EndProject
Project("{8BC9CEB8-8B4A-11D0-8D11-00A0C91BC942}") = "ListBoxSample", "..\..\Samples\CommandBars\ListBoxSample\ListBoxSample_vc80.vcproj", "{71694956-4137-4885-9779-514591578322}"
EndProject
Project("{8BC9CEB8-8B4A-11D0-8D11-00A0C91BC942}") = "MDIMenus", "..\..\Samples\CommandBars\MDIMenus\MDIMenus_vc80.vcproj", "{77683124-1287-4974-9274-275218333869}"
EndProject
Project("{8BC9CEB8-8B4A-11D0-8D11-00A0C91BC942}") = "MDIPanes", "..\..\Samples\DockingPane\MDIPanes\MDIPanes_vc80.vcproj", "{71828196-8841-6674-4593-237189939129}"
EndProject
Project("{8BC9CEB8-8B4A-11D0-8D11-00A0C91BC942}") = "MDITabWindow", "..\..\Samples\ToolkitPro\MDITabWindow\MDITabWindow_vc80.vcproj", "{95644741-6996-5767-9344-365943348269}"
EndProject
Project("{8BC9CEB8-8B4A-11D0-8D11-00A0C91BC942}") = "MSDI", "..\..\Samples\CommandBars\MSDI\MSDI_vc80.vcproj", "{67765126-1169-5852-4481-763551273442}"
EndProject
Project("{8BC9CEB8-8B4A-11D0-8D11-00A0C91BC942}") = "MultiLanguage", "..\..\Samples\ToolkitPro\MultiLanguage\MultiLanguage_vc80.vcproj", "{64654284-8331-4951-4875-434259137999}"
EndProject
Project("{8BC9CEB8-8B4A-11D0-8D11-00A0C91BC942}") = "Notifications", "..\..\Samples\CommandBars\Notifications\Notifications_vc80.vcproj", "{67988276-6884-7641-8294-386141734251}"
EndProject
Project("{8BC9CEB8-8B4A-11D0-8D11-00A0C91BC942}") = "OwnerDraw", "..\..\Samples\PropertyGrid\OwnerDraw\OwnerDraw_vc80.vcproj", "{82715811-4949-5744-4845-514993144391}"
EndProject
Project("{8BC9CEB8-8B4A-11D0-8D11-00A0C91BC942}") = "Pane", "..\..\Samples\DockingPane\PaneSample\Pane_vc80.vcproj", "{57113226-1698-8431-2918-918729285159}"
EndProject
Project("{8BC9CEB8-8B4A-11D0-8D11-00A0C91BC942}") = "PaneActions", "..\..\Samples\DockingPane\PaneActions\PaneActions_vc80.vcproj", "{44192374-8858-7629-2413-771437941697}"
EndProject
Project("{8BC9CEB8-8B4A-11D0-8D11-00A0C91BC942}") = "PaneOptions", "..\..\Samples\ToolkitPro\PaneOptions\PaneOptions_vc80.vcproj", "{47336366-6512-1329-6732-632318637958}"
EndProject
Project("{8BC9CEB8-8B4A-11D0-8D11-00A0C91BC942}") = "PopupControl", "..\..\Samples\Controls\PopupControl\PopupControl_vc80.vcproj", "{72253191-3667-8413-3473-851262956997}"
EndProject
Project("{8BC9CEB8-8B4A-11D0-8D11-00A0C91BC942}") = "PrintPreview", "..\..\Samples\ToolkitPro\PrintPreview\PrintPreview_vc80.vcproj", "{37551416-1326-3118-1546-355987188756}"
EndProject
Project("{8BC9CEB8-8B4A-11D0-8D11-00A0C91BC942}") = "PropertyGrid", "..\..\Samples\PropertyGrid\GridSample\PropertyGrid_vc80.vcproj", "{34449574-8576-2397-9942-927696943394}"
EndProject
Project("{8BC9CEB8-8B4A-11D0-8D11-00A0C91BC942}") = "ReBarSample", "..\..\Samples\CommandBars\ReBarSample\ReBarSample_vc80.vcproj", "{27785557-6139-4897-4361-978576541655}"
EndProject
Project("{8BC9CEB8-8B4A-11D0-8D11-00A0C91BC942}") = "ReportSample", "..\..\Samples\ReportControl\ReportSample\ReportSample_vc80.vcproj", "{68234171-1611-9489-7184-119122751138}"
EndProject
Project("{8BC9CEB8-8B4A-11D0-8D11-00A0C91BC942}") = "ResourceEditor", "..\..\Samples\Utilities\ResourceEditor\ResourceEditor_vc80.vcproj", "{24632576-8369-3176-5257-514848883877}"
EndProject
Project("{8BC9CEB8-8B4A-11D0-8D11-00A0C91BC942}") = "RibbonSample", "..\..\Samples\Ribbon\RibbonSample\RibbonSample_vc80.vcproj", "{21521544-5529-2375-4643-275656647435}"
EndProject
Project("{8BC9CEB8-8B4A-11D0-8D11-00A0C91BC942}") = "Scribble", "..\..\Samples\CommandBars\ScribbleMultiLang\scribble_vc80.vcproj", "{24755626-3273-5865-8962-237537345786}"
EndProject
Project("{8BC9CEB8-8B4A-11D0-8D11-00A0C91BC942}") = "ShortcutBar", "..\..\Samples\ShortcutBar\ShortcutBar\ShortcutBar_vc80.vcproj", "{48672361-1338-3968-5613-456481654736}"
EndProject
Project("{8BC9CEB8-8B4A-11D0-8D11-00A0C91BC942}") = "SkinControls", "..\..\Samples\SkinFramework\SkinControls\SkinControls_vc80.vcproj", "{14979666-8987-6754-3785-851116796585}"
EndProject
Project("{8BC9CEB8-8B4A-11D0-8D11-00A0C91BC942}") = "SkinMDISample", "..\..\Samples\SkinFramework\SkinMDISample\SkinMDISample_vc80.vcproj", "{76733987-6148-4751-5772-536124671136}"
EndProject
Project("{8BC9CEB8-8B4A-11D0-8D11-00A0C91BC942}") = "SkinSDISample", "..\..\Samples\SkinFramework\SkinSDISample\SkinSDISample_vc80.vcproj", "{94293717-3791-8543-7599-574795247483}"
EndProject
Project("{8BC9CEB8-8B4A-11D0-8D11-00A0C91BC942}") = "SmartLayout", "..\..\Samples\CommandBars\SmartLayout\SmartLayout_vc80.vcproj", "{38929451-1957-7636-3341-793658567433}"
EndProject
Project("{8BC9CEB8-8B4A-11D0-8D11-00A0C91BC942}") = "StatusBar", "..\..\Samples\CommandBars\StatusBar\StatusBar_vc80.vcproj", "{84327857-8625-1332-1314-287484699382}"
EndProject
Project("{8BC9CEB8-8B4A-11D0-8D11-00A0C91BC942}") = "TabManager", "..\..\Samples\ToolkitPro\TabManager\TabManager_vc80.vcproj", "{57171277-6666-8429-4311-873483574734}"
EndProject
Project("{8BC9CEB8-8B4A-11D0-8D11-00A0C91BC942}") = "TabbedToolbar", "..\..\Samples\CommandBars\TabbedToolbar\TabbedToolbar_vc80.vcproj", "{75541997-3439-3222-5237-811964251181}"
EndProject
Project("{8BC9CEB8-8B4A-11D0-8D11-00A0C91BC942}") = "TabbedView", "..\..\Samples\ToolkitPro\TabbedView\TabbedView_vc80.vcproj", "{19467642-1585-1314-1878-949827561231}"
EndProject
Project("{8BC9CEB8-8B4A-11D0-8D11-00A0C91BC942}") = "TaskPanel", "..\..\Samples\TaskPanel\TaskPanel\TaskPanel_vc80.vcproj", "{75765947-8243-4911-8942-434653613989}"
EndProject
Project("{8BC9CEB8-8B4A-11D0-8D11-00A0C91BC942}") = "TearOffPopups", "..\..\Samples\CommandBars\TearOffPopups\TearOffPopups_vc80.vcproj", "{47528368-6395-2197-2848-229651587431}"
EndProject
Project("{8BC9CEB8-8B4A-11D0-8D11-00A0C91BC942}") = "ToolBox", "..\..\Samples\TaskPanel\ToolBox\ToolBox_vc80.vcproj", "{61622976-1472-3188-9738-969924855222}"
EndProject
Project("{8BC9CEB8-8B4A-11D0-8D11-00A0C91BC942}") = "ToolTipContext", "..\..\Samples\CommandBars\ToolTipContext\ToolTipContext_vc80.vcproj", "{95438721-7538-1382-5579-297777275361}"
EndProject
Project("{8BC9CEB8-8B4A-11D0-8D11-00A0C91BC942}") = "TrayIconDemo", "..\..\Samples\Controls\TrayIcon\TrayIconDemo_vc80.vcproj", "{61846127-5286-5977-3553-683514317129}"
EndProject
Project("{8BC9CEB8-8B4A-11D0-8D11-00A0C91BC942}") = "VirtualList", "..\..\Samples\ReportControl\VirtualList\VirtualList_vc80.vcproj", "{34599447-3347-2175-6559-478512282562}"
EndProject
Project("{8BC9CEB8-8B4A-11D0-8D11-00A0C91BC942}") = "WordPad", "..\..\Samples\UserInterface\GUI_Office11\wordpad_vc80.vcproj", "{52969267-1191-6767-7466-316283758928}"
EndProject
