Microsoft Visual Studio Solution File, Format Version 10.00
# Visual Studio 2008
Project("{8BC9CEB8-8B4A-11D0-8D11-00A0C91BC942}") = "TaskPanel", "..\..\Samples\TaskPanel\TaskPanel\TaskPanel_vc90.vcproj", "{25817893-3363-2591-9615-619646756722}"
EndProject
Project("{8BC9CEB8-8B4A-11D0-8D11-00A0C91BC942}") = "ToolBox", "..\..\Samples\TaskPanel\ToolBox\ToolBox_vc90.vcproj", "{28428849-7848-7188-5174-383937413813}"
EndProject
