Microsoft Visual Studio Solution File, Format Version 9.00
# Visual Studio 2005
Project("{8BC9CEB8-8B4A-11D0-8D11-00A0C91BC942}") = "Codejock.ToolkitPro.ResourceArSa", ".\ResourceArSa\ResourceArSa_vc80.vcproj", "{35953974-5555-3765-1875-512254115734}"
EndProject
Project("{8BC9CEB8-8B4A-11D0-8D11-00A0C91BC942}") = "Codejock.ToolkitPro.ResourceBg", ".\ResourceBg\ResourceBg_vc80.vcproj", "{69878628-3711-1858-6526-741916425783}"
EndProject
Project("{8BC9CEB8-8B4A-11D0-8D11-00A0C91BC942}") = "Codejock.ToolkitPro.ResourceCs", ".\ResourceCs\ResourceCs_vc80.vcproj", "{25276124-9478-5554-4688-235743556532}"
EndProject
Project("{8BC9CEB8-8B4A-11D0-8D11-00A0C91BC942}") = "Codejock.ToolkitPro.ResourceDa", ".\ResourceDa\ResourceDa_vc80.vcproj", "{12165182-7639-4743-4184-896441412289}"
EndProject
Project("{8BC9CEB8-8B4A-11D0-8D11-00A0C91BC942}") = "Codejock.ToolkitPro.ResourceDe", ".\ResourceDe\ResourceDe_vc80.vcproj", "{15491164-5283-6333-8413-858422918431}"
EndProject
Project("{8BC9CEB8-8B4A-11D0-8D11-00A0C91BC942}") = "Codejock.ToolkitPro.ResourceEl", ".\ResourceEl\ResourceEl_vc80.vcproj", "{49226818-2348-5536-5254-187275437481}"
EndProject
Project("{8BC9CEB8-8B4A-11D0-8D11-00A0C91BC942}") = "Codejock.ToolkitPro.ResourceEn", ".\ResourceEn\ResourceEn_vc80.vcproj", "{15624215-9997-8223-3327-572911469339}"
EndProject
Project("{8BC9CEB8-8B4A-11D0-8D11-00A0C91BC942}") = "Codejock.ToolkitPro.ResourceEs", ".\ResourceEs\ResourceEs_vc80.vcproj", "{92514373-7257-7322-2722-243619325887}"
EndProject
Project("{8BC9CEB8-8B4A-11D0-8D11-00A0C91BC942}") = "Codejock.ToolkitPro.ResourceEt", ".\ResourceEt\ResourceEt_vc80.vcproj", "{95758355-5811-1912-6141-295699922138}"
EndProject
Project("{8BC9CEB8-8B4A-11D0-8D11-00A0C91BC942}") = "Codejock.ToolkitPro.ResourceFi", ".\ResourceFi\ResourceFi_vc80.vcproj", "{36397878-9482-5494-9765-345235132522}"
EndProject
Project("{8BC9CEB8-8B4A-11D0-8D11-00A0C91BC942}") = "Codejock.ToolkitPro.ResourceFr", ".\ResourceFr\ResourceFr_vc80.vcproj", "{92695374-7149-8199-7838-731962264461}"
EndProject
Project("{8BC9CEB8-8B4A-11D0-8D11-00A0C91BC942}") = "Codejock.ToolkitPro.ResourceHe", ".\ResourceHe\ResourceHe_vc80.vcproj", "{88584342-4291-8388-6323-492669929928}"
EndProject
Project("{8BC9CEB8-8B4A-11D0-8D11-00A0C91BC942}") = "Codejock.ToolkitPro.ResourceHr", ".\ResourceHr\ResourceHr_vc80.vcproj", "{82829424-2854-1988-1642-453641626268}"
EndProject
Project("{8BC9CEB8-8B4A-11D0-8D11-00A0C91BC942}") = "Codejock.ToolkitPro.ResourceHu", ".\ResourceHu\ResourceHu_vc80.vcproj", "{26645168-9919-9172-7483-672494935328}"
EndProject
Project("{8BC9CEB8-8B4A-11D0-8D11-00A0C91BC942}") = "Codejock.ToolkitPro.ResourceIt", ".\ResourceIt\ResourceIt_vc80.vcproj", "{72143464-7668-3778-5466-176239167167}"
EndProject
Project("{8BC9CEB8-8B4A-11D0-8D11-00A0C91BC942}") = "Codejock.ToolkitPro.ResourceJa", ".\ResourceJa\ResourceJa_vc80.vcproj", "{44796785-5729-1865-8453-763247952519}"
EndProject
Project("{8BC9CEB8-8B4A-11D0-8D11-00A0C91BC942}") = "Codejock.ToolkitPro.ResourceKo", ".\ResourceKo\ResourceKo_vc80.vcproj", "{62267525-2572-5557-9379-799828629966}"
EndProject
Project("{8BC9CEB8-8B4A-11D0-8D11-00A0C91BC942}") = "Codejock.ToolkitPro.ResourceLt", ".\ResourceLt\ResourceLt_vc80.vcproj", "{96183258-9638-3759-5921-828672948926}"
EndProject
Project("{8BC9CEB8-8B4A-11D0-8D11-00A0C91BC942}") = "Codejock.ToolkitPro.ResourceLv", ".\ResourceLv\ResourceLv_vc80.vcproj", "{62481665-7386-6446-3184-323497171765}"
EndProject
Project("{8BC9CEB8-8B4A-11D0-8D11-00A0C91BC942}") = "Codejock.ToolkitPro.ResourceNl", ".\ResourceNl\ResourceNl_vc80.vcproj", "{35244975-5447-4543-6981-119416955316}"
EndProject
Project("{8BC9CEB8-8B4A-11D0-8D11-00A0C91BC942}") = "Codejock.ToolkitPro.ResourceNo", ".\ResourceNo\ResourceNo_vc80.vcproj", "{52615715-2119-8235-7818-946187532663}"
EndProject
Project("{8BC9CEB8-8B4A-11D0-8D11-00A0C91BC942}") = "Codejock.ToolkitPro.ResourcePl", ".\ResourcePl\ResourcePl_vc80.vcproj", "{77431449-9366-7338-3558-265841842623}"
EndProject
Project("{8BC9CEB8-8B4A-11D0-8D11-00A0C91BC942}") = "Codejock.ToolkitPro.ResourcePt", ".\ResourcePt\ResourcePt_vc80.vcproj", "{43838755-7924-1924-1622-669666974462}"
EndProject
Project("{8BC9CEB8-8B4A-11D0-8D11-00A0C91BC942}") = "Codejock.ToolkitPro.ResourcePtBr", ".\ResourcePtBr\ResourcePtBr_vc80.vcproj", "{15582166-5965-8112-4628-445674858914}"
EndProject
Project("{8BC9CEB8-8B4A-11D0-8D11-00A0C91BC942}") = "Codejock.ToolkitPro.ResourceRo", ".\ResourceRo\ResourceRo_vc80.vcproj", "{33953896-2738-3814-5436-373355435361}"
EndProject
Project("{8BC9CEB8-8B4A-11D0-8D11-00A0C91BC942}") = "Codejock.ToolkitPro.ResourceRu", ".\ResourceRu\ResourceRu_vc80.vcproj", "{67878649-9884-1996-1287-512118855321}"
EndProject
Project("{8BC9CEB8-8B4A-11D0-8D11-00A0C91BC942}") = "Codejock.ToolkitPro.ResourceSk", ".\ResourceSk\ResourceSk_vc80.vcproj", "{23276946-7542-4693-8259-996844987269}"
EndProject
Project("{8BC9CEB8-8B4A-11D0-8D11-00A0C91BC942}") = "Codejock.ToolkitPro.ResourceSl", ".\ResourceSl\ResourceSl_vc80.vcproj", "{85939366-5694-2789-2257-782842862621}"
EndProject
Project("{8BC9CEB8-8B4A-11D0-8D11-00A0C91BC942}") = "Codejock.ToolkitPro.ResourceSv", ".\ResourceSv\ResourceSv_vc80.vcproj", "{23491186-2456-6582-3164-629523438967}"
EndProject
Project("{8BC9CEB8-8B4A-11D0-8D11-00A0C91BC942}") = "Codejock.ToolkitPro.ResourceTh", ".\ResourceTh\ResourceTh_vc80.vcproj", "{47226731-9512-4675-8715-858376758127}"
EndProject
Project("{8BC9CEB8-8B4A-11D0-8D11-00A0C91BC942}") = "Codejock.ToolkitPro.ResourceTr", ".\ResourceTr\ResourceTr_vc80.vcproj", "{19357115-4585-5669-4851-255885682399}"
EndProject
Project("{8BC9CEB8-8B4A-11D0-8D11-00A0C91BC942}") = "Codejock.ToolkitPro.ResourceUk", ".\ResourceUk\ResourceUk_vc80.vcproj", "{72911436-2647-2767-6858-841893566742}"
EndProject
Project("{8BC9CEB8-8B4A-11D0-8D11-00A0C91BC942}") = "Codejock.ToolkitPro.ResourceZhCn", ".\ResourceZhCn\ResourceZhCn_vc80.vcproj", "{19472255-9499-6459-7675-878574143198}"
EndProject
Project("{8BC9CEB8-8B4A-11D0-8D11-00A0C91BC942}") = "Codejock.ToolkitPro.ResourceZhTw", ".\ResourceZhTw\ResourceZhTw_vc80.vcproj", "{34397899-6555-5652-4426-116337453258}"
EndProject
