
Microsoft Visual Studio Solution File, Format Version 10.00
# Visual Studio 2008
Project("{8BC9CEB8-8B4A-11D0-8D11-00A0C91BC942}") = "DualGoServer", "DualGoServer\DualGoServer.vcproj", "{2185322E-C93D-4406-83F8-87D0C5E2CECE}"
EndProject
Global
	GlobalSection(SolutionConfigurationPlatforms) = preSolution
		MDebug|Win32 = MDebug|Win32
		MRelease|Win32 = MRelease|Win32
		UDebug|Win32 = UDebug|Win32
		URelease|Win32 = URelease|Win32
	EndGlobalSection
	GlobalSection(ProjectConfigurationPlatforms) = postSolution
		{2185322E-C93D-4406-83F8-87D0C5E2CECE}.MDebug|Win32.ActiveCfg = MDebug|Win32
		{2185322E-C93D-4406-83F8-87D0C5E2CECE}.MDebug|Win32.Build.0 = MDebug|Win32
		{2185322E-C93D-4406-83F8-87D0C5E2CECE}.MRelease|Win32.ActiveCfg = MRelease|Win32
		{2185322E-C93D-4406-83F8-87D0C5E2CECE}.MRelease|Win32.Build.0 = MRelease|Win32
		{2185322E-C93D-4406-83F8-87D0C5E2CECE}.UDebug|Win32.ActiveCfg = UDebug|Win32
		{2185322E-C93D-4406-83F8-87D0C5E2CECE}.UDebug|Win32.Build.0 = UDebug|Win32
		{2185322E-C93D-4406-83F8-87D0C5E2CECE}.URelease|Win32.ActiveCfg = URelease|Win32
		{2185322E-C93D-4406-83F8-87D0C5E2CECE}.URelease|Win32.Build.0 = URelease|Win32
	EndGlobalSection
	GlobalSection(SolutionProperties) = preSolution
		HideSolutionNode = FALSE
	EndGlobalSection
EndGlobal
