
Microsoft Visual Studio Solution File, Format Version 10.00
# Visual Studio 2008
Project("{FAE04EC0-301F-11D3-BF4B-00C04F79EFBC}") = "CShap_CSVRead", "CShap_CSVRead.csproj", "{87B5B86A-174C-4588-A121-2FE023AB82EC}"
EndProject
Global
	GlobalSection(SolutionConfigurationPlatforms) = preSolution
		MDebug|Any CPU = MDebug|Any CPU
		MRelease|Any CPU = MRelease|Any CPU
	EndGlobalSection
	GlobalSection(ProjectConfigurationPlatforms) = postSolution
		{87B5B86A-174C-4588-A121-2FE023AB82EC}.MDebug|Any CPU.ActiveCfg = MDebug|Any CPU
		{87B5B86A-174C-4588-A121-2FE023AB82EC}.MDebug|Any CPU.Build.0 = MDebug|Any CPU
		{87B5B86A-174C-4588-A121-2FE023AB82EC}.MRelease|Any CPU.ActiveCfg = MRelease|Any CPU
		{87B5B86A-174C-4588-A121-2FE023AB82EC}.MRelease|Any CPU.Build.0 = MRelease|Any CPU
	EndGlobalSection
	GlobalSection(SolutionProperties) = preSolution
		HideSolutionNode = FALSE
	EndGlobalSection
EndGlobal
