Microsoft Visual Studio Solution File, Format Version 11.00
# Visual Studio 2010
Project("{8BC9CEB8-8B4A-11D0-8D11-00A0C91BC942}") = "dict", "Net\samples\dict\dict_vs100.vcxproj", "{90F24341-F59F-385F-A8D6-66AB377FF033}"
EndProject
Project("{8BC9CEB8-8B4A-11D0-8D11-00A0C91BC942}") = "download", "Net\samples\download\download_vs100.vcxproj", "{D853F3D6-0D6F-3E8E-82C7-4216D7A21C4D}"
EndProject
Project("{8BC9CEB8-8B4A-11D0-8D11-00A0C91BC942}") = "EchoServer", "Net\samples\EchoServer\EchoServer_vs100.vcxproj", "{5074CE3E-05F5-31BA-BA79-1AD54C3416F7}"
EndProject
Project("{8BC9CEB8-8B4A-11D0-8D11-00A0C91BC942}") = "HTTPFormServer", "Net\samples\HTTPFormServer\HTTPFormServer_vs100.vcxproj", "{19B162EB-DDAA-37BA-AE93-7FDED89274DE}"
EndProject
Project("{8BC9CEB8-8B4A-11D0-8D11-00A0C91BC942}") = "httpget", "Net\samples\httpget\httpget_vs100.vcxproj", "{5A299876-BF4E-37B9-922D-4E6FC1FA9520}"
EndProject
Project("{8BC9CEB8-8B4A-11D0-8D11-00A0C91BC942}") = "HTTPLoadTest", "Net\samples\HTTPLoadTest\HTTPLoadTest_vs100.vcxproj", "{A140D236-D64B-370A-A7E7-3000725D9869}"
EndProject
Project("{8BC9CEB8-8B4A-11D0-8D11-00A0C91BC942}") = "HTTPTimeServer", "Net\samples\HTTPTimeServer\HTTPTimeServer_vs100.vcxproj", "{18A0143A-444A-38E3-838C-1ACFBE4EE18C}"
EndProject
Project("{8BC9CEB8-8B4A-11D0-8D11-00A0C91BC942}") = "Mail", "Net\samples\Mail\Mail_vs100.vcxproj", "{BF75C029-EFC9-3A0F-A8F2-8001C11D1FBA}"
EndProject
Project("{8BC9CEB8-8B4A-11D0-8D11-00A0C91BC942}") = "Ping", "Net\samples\Ping\Ping_vs100.vcxproj", "{154EC2E2-A1CC-3F3E-9BAA-8134DF82B0B5}"
EndProject
Project("{8BC9CEB8-8B4A-11D0-8D11-00A0C91BC942}") = "TimeServer", "Net\samples\TimeServer\TimeServer_vs100.vcxproj", "{59EDFD20-9968-30F7-9532-44C08DA58C6E}"
EndProject
Project("{8BC9CEB8-8B4A-11D0-8D11-00A0C91BC942}") = "TwitterClient", "Net\samples\TwitterClient\TwitterClient_vs100.vcxproj", "{CCDD82BC-680D-39C0-AE25-1FBC5B615F7E}"
EndProject
Project("{8BC9CEB8-8B4A-11D0-8D11-00A0C91BC942}") = "WebSocketServer", "Net\samples\WebSocketServer\WebSocketServer_vs100.vcxproj", "{0DC40FE3-6C42-365E-8DAB-899C50ECFB1C}"
EndProject
Project("{8BC9CEB8-8B4A-11D0-8D11-00A0C91BC942}") = "Net", "Net\Net_vs100.vcxproj", "{B057A1FE-09F7-465E-B8B5-E1B659051D76}"
EndProject
Project("{8BC9CEB8-8B4A-11D0-8D11-00A0C91BC942}") = "Foundation", "Foundation\Foundation_vs100.vcxproj", "{8164D41D-B053-405B-826C-CF37AC0EF176}"
EndProject
Project("{8BC9CEB8-8B4A-11D0-8D11-00A0C91BC942}") = "Util", "Util\Util_vs100.vcxproj", "{6FF56CDB-787A-4714-A28C-919003F9FA6C}"
EndProject
Project("{2150E333-8FDC-42A3-9474-1A3956D46DE8}") = "poco_Net", "poco_Net", "{DBDF0755-EE27-4968-804D-5037E633B5B8}"
EndProject
Project("{2150E333-8FDC-42A3-9474-1A3956D46DE8}") = "samples", "samples", "{7A3B02DA-501F-4376-9064-F277D4BE8AB0}"
EndProject
Project("{8BC9CEB8-8B4A-11D0-8D11-00A0C91BC942}") = "Net", "Z:\svn\lib\lib_poco\Net\Net_vs100.vcxproj", "{2C5E46B8-A407-4A70-80A9-41922D16681E}"
EndProject
Project("{2150E333-8FDC-42A3-9474-1A3956D46DE8}") = "pcoo_Foundation", "pcoo_Foundation", "{75460A3B-758A-4105-A220-071F966CB1DD}"
EndProject
Global
	GlobalSection(SolutionConfigurationPlatforms) = preSolution
		debug_shared|Win32 = debug_shared|Win32
		debug_static_md|Win32 = debug_static_md|Win32
		debug_static_mt|Win32 = debug_static_mt|Win32
		release_shared|Win32 = release_shared|Win32
		release_static_md|Win32 = release_static_md|Win32
		release_static_mt|Win32 = release_static_mt|Win32
	EndGlobalSection
	GlobalSection(ProjectConfigurationPlatforms) = postSolution
		{90F24341-F59F-385F-A8D6-66AB377FF033}.debug_shared|Win32.ActiveCfg = debug_shared|Win32
		{90F24341-F59F-385F-A8D6-66AB377FF033}.debug_shared|Win32.Build.0 = debug_shared|Win32
		{90F24341-F59F-385F-A8D6-66AB377FF033}.debug_shared|Win32.Deploy.0 = debug_shared|Win32
		{90F24341-F59F-385F-A8D6-66AB377FF033}.debug_static_md|Win32.ActiveCfg = debug_static_md|Win32
		{90F24341-F59F-385F-A8D6-66AB377FF033}.debug_static_md|Win32.Build.0 = debug_static_md|Win32
		{90F24341-F59F-385F-A8D6-66AB377FF033}.debug_static_md|Win32.Deploy.0 = debug_static_md|Win32
		{90F24341-F59F-385F-A8D6-66AB377FF033}.debug_static_mt|Win32.ActiveCfg = debug_static_mt|Win32
		{90F24341-F59F-385F-A8D6-66AB377FF033}.debug_static_mt|Win32.Build.0 = debug_static_mt|Win32
		{90F24341-F59F-385F-A8D6-66AB377FF033}.debug_static_mt|Win32.Deploy.0 = debug_static_mt|Win32
		{90F24341-F59F-385F-A8D6-66AB377FF033}.release_shared|Win32.ActiveCfg = release_shared|Win32
		{90F24341-F59F-385F-A8D6-66AB377FF033}.release_shared|Win32.Build.0 = release_shared|Win32
		{90F24341-F59F-385F-A8D6-66AB377FF033}.release_shared|Win32.Deploy.0 = release_shared|Win32
		{90F24341-F59F-385F-A8D6-66AB377FF033}.release_static_md|Win32.ActiveCfg = release_static_md|Win32
		{90F24341-F59F-385F-A8D6-66AB377FF033}.release_static_md|Win32.Build.0 = release_static_md|Win32
		{90F24341-F59F-385F-A8D6-66AB377FF033}.release_static_md|Win32.Deploy.0 = release_static_md|Win32
		{90F24341-F59F-385F-A8D6-66AB377FF033}.release_static_mt|Win32.ActiveCfg = release_static_mt|Win32
		{90F24341-F59F-385F-A8D6-66AB377FF033}.release_static_mt|Win32.Build.0 = release_static_mt|Win32
		{90F24341-F59F-385F-A8D6-66AB377FF033}.release_static_mt|Win32.Deploy.0 = release_static_mt|Win32
		{D853F3D6-0D6F-3E8E-82C7-4216D7A21C4D}.debug_shared|Win32.ActiveCfg = debug_shared|Win32
		{D853F3D6-0D6F-3E8E-82C7-4216D7A21C4D}.debug_shared|Win32.Build.0 = debug_shared|Win32
		{D853F3D6-0D6F-3E8E-82C7-4216D7A21C4D}.debug_shared|Win32.Deploy.0 = debug_shared|Win32
		{D853F3D6-0D6F-3E8E-82C7-4216D7A21C4D}.debug_static_md|Win32.ActiveCfg = debug_static_md|Win32
		{D853F3D6-0D6F-3E8E-82C7-4216D7A21C4D}.debug_static_md|Win32.Build.0 = debug_static_md|Win32
		{D853F3D6-0D6F-3E8E-82C7-4216D7A21C4D}.debug_static_md|Win32.Deploy.0 = debug_static_md|Win32
		{D853F3D6-0D6F-3E8E-82C7-4216D7A21C4D}.debug_static_mt|Win32.ActiveCfg = debug_static_mt|Win32
		{D853F3D6-0D6F-3E8E-82C7-4216D7A21C4D}.debug_static_mt|Win32.Build.0 = debug_static_mt|Win32
		{D853F3D6-0D6F-3E8E-82C7-4216D7A21C4D}.debug_static_mt|Win32.Deploy.0 = debug_static_mt|Win32
		{D853F3D6-0D6F-3E8E-82C7-4216D7A21C4D}.release_shared|Win32.ActiveCfg = release_shared|Win32
		{D853F3D6-0D6F-3E8E-82C7-4216D7A21C4D}.release_shared|Win32.Build.0 = release_shared|Win32
		{D853F3D6-0D6F-3E8E-82C7-4216D7A21C4D}.release_shared|Win32.Deploy.0 = release_shared|Win32
		{D853F3D6-0D6F-3E8E-82C7-4216D7A21C4D}.release_static_md|Win32.ActiveCfg = release_static_md|Win32
		{D853F3D6-0D6F-3E8E-82C7-4216D7A21C4D}.release_static_md|Win32.Build.0 = release_static_md|Win32
		{D853F3D6-0D6F-3E8E-82C7-4216D7A21C4D}.release_static_md|Win32.Deploy.0 = release_static_md|Win32
		{D853F3D6-0D6F-3E8E-82C7-4216D7A21C4D}.release_static_mt|Win32.ActiveCfg = release_static_mt|Win32
		{D853F3D6-0D6F-3E8E-82C7-4216D7A21C4D}.release_static_mt|Win32.Build.0 = release_static_mt|Win32
		{D853F3D6-0D6F-3E8E-82C7-4216D7A21C4D}.release_static_mt|Win32.Deploy.0 = release_static_mt|Win32
		{5074CE3E-05F5-31BA-BA79-1AD54C3416F7}.debug_shared|Win32.ActiveCfg = debug_shared|Win32
		{5074CE3E-05F5-31BA-BA79-1AD54C3416F7}.debug_shared|Win32.Build.0 = debug_shared|Win32
		{5074CE3E-05F5-31BA-BA79-1AD54C3416F7}.debug_shared|Win32.Deploy.0 = debug_shared|Win32
		{5074CE3E-05F5-31BA-BA79-1AD54C3416F7}.debug_static_md|Win32.ActiveCfg = debug_static_md|Win32
		{5074CE3E-05F5-31BA-BA79-1AD54C3416F7}.debug_static_md|Win32.Build.0 = debug_static_md|Win32
		{5074CE3E-05F5-31BA-BA79-1AD54C3416F7}.debug_static_md|Win32.Deploy.0 = debug_static_md|Win32
		{5074CE3E-05F5-31BA-BA79-1AD54C3416F7}.debug_static_mt|Win32.ActiveCfg = debug_static_mt|Win32
		{5074CE3E-05F5-31BA-BA79-1AD54C3416F7}.debug_static_mt|Win32.Build.0 = debug_static_mt|Win32
		{5074CE3E-05F5-31BA-BA79-1AD54C3416F7}.debug_static_mt|Win32.Deploy.0 = debug_static_mt|Win32
		{5074CE3E-05F5-31BA-BA79-1AD54C3416F7}.release_shared|Win32.ActiveCfg = release_shared|Win32
		{5074CE3E-05F5-31BA-BA79-1AD54C3416F7}.release_shared|Win32.Build.0 = release_shared|Win32
		{5074CE3E-05F5-31BA-BA79-1AD54C3416F7}.release_shared|Win32.Deploy.0 = release_shared|Win32
		{5074CE3E-05F5-31BA-BA79-1AD54C3416F7}.release_static_md|Win32.ActiveCfg = release_static_md|Win32
		{5074CE3E-05F5-31BA-BA79-1AD54C3416F7}.release_static_md|Win32.Build.0 = release_static_md|Win32
		{5074CE3E-05F5-31BA-BA79-1AD54C3416F7}.release_static_md|Win32.Deploy.0 = release_static_md|Win32
		{5074CE3E-05F5-31BA-BA79-1AD54C3416F7}.release_static_mt|Win32.ActiveCfg = release_static_mt|Win32
		{5074CE3E-05F5-31BA-BA79-1AD54C3416F7}.release_static_mt|Win32.Build.0 = release_static_mt|Win32
		{5074CE3E-05F5-31BA-BA79-1AD54C3416F7}.release_static_mt|Win32.Deploy.0 = release_static_mt|Win32
		{19B162EB-DDAA-37BA-AE93-7FDED89274DE}.debug_shared|Win32.ActiveCfg = debug_shared|Win32
		{19B162EB-DDAA-37BA-AE93-7FDED89274DE}.debug_shared|Win32.Build.0 = debug_shared|Win32
		{19B162EB-DDAA-37BA-AE93-7FDED89274DE}.debug_shared|Win32.Deploy.0 = debug_shared|Win32
		{19B162EB-DDAA-37BA-AE93-7FDED89274DE}.debug_static_md|Win32.ActiveCfg = debug_static_md|Win32
		{19B162EB-DDAA-37BA-AE93-7FDED89274DE}.debug_static_md|Win32.Build.0 = debug_static_md|Win32
		{19B162EB-DDAA-37BA-AE93-7FDED89274DE}.debug_static_md|Win32.Deploy.0 = debug_static_md|Win32
		{19B162EB-DDAA-37BA-AE93-7FDED89274DE}.debug_static_mt|Win32.ActiveCfg = debug_static_mt|Win32
		{19B162EB-DDAA-37BA-AE93-7FDED89274DE}.debug_static_mt|Win32.Build.0 = debug_static_mt|Win32
		{19B162EB-DDAA-37BA-AE93-7FDED89274DE}.debug_static_mt|Win32.Deploy.0 = debug_static_mt|Win32
		{19B162EB-DDAA-37BA-AE93-7FDED89274DE}.release_shared|Win32.ActiveCfg = release_shared|Win32
		{19B162EB-DDAA-37BA-AE93-7FDED89274DE}.release_shared|Win32.Build.0 = release_shared|Win32
		{19B162EB-DDAA-37BA-AE93-7FDED89274DE}.release_shared|Win32.Deploy.0 = release_shared|Win32
		{19B162EB-DDAA-37BA-AE93-7FDED89274DE}.release_static_md|Win32.ActiveCfg = release_static_md|Win32
		{19B162EB-DDAA-37BA-AE93-7FDED89274DE}.release_static_md|Win32.Build.0 = release_static_md|Win32
		{19B162EB-DDAA-37BA-AE93-7FDED89274DE}.release_static_md|Win32.Deploy.0 = release_static_md|Win32
		{19B162EB-DDAA-37BA-AE93-7FDED89274DE}.release_static_mt|Win32.ActiveCfg = release_static_mt|Win32
		{19B162EB-DDAA-37BA-AE93-7FDED89274DE}.release_static_mt|Win32.Build.0 = release_static_mt|Win32
		{19B162EB-DDAA-37BA-AE93-7FDED89274DE}.release_static_mt|Win32.Deploy.0 = release_static_mt|Win32
		{5A299876-BF4E-37B9-922D-4E6FC1FA9520}.debug_shared|Win32.ActiveCfg = debug_shared|Win32
		{5A299876-BF4E-37B9-922D-4E6FC1FA9520}.debug_shared|Win32.Build.0 = debug_shared|Win32
		{5A299876-BF4E-37B9-922D-4E6FC1FA9520}.debug_shared|Win32.Deploy.0 = debug_shared|Win32
		{5A299876-BF4E-37B9-922D-4E6FC1FA9520}.debug_static_md|Win32.ActiveCfg = debug_static_md|Win32
		{5A299876-BF4E-37B9-922D-4E6FC1FA9520}.debug_static_md|Win32.Build.0 = debug_static_md|Win32
		{5A299876-BF4E-37B9-922D-4E6FC1FA9520}.debug_static_md|Win32.Deploy.0 = debug_static_md|Win32
		{5A299876-BF4E-37B9-922D-4E6FC1FA9520}.debug_static_mt|Win32.ActiveCfg = debug_static_mt|Win32
		{5A299876-BF4E-37B9-922D-4E6FC1FA9520}.debug_static_mt|Win32.Build.0 = debug_static_mt|Win32
		{5A299876-BF4E-37B9-922D-4E6FC1FA9520}.debug_static_mt|Win32.Deploy.0 = debug_static_mt|Win32
		{5A299876-BF4E-37B9-922D-4E6FC1FA9520}.release_shared|Win32.ActiveCfg = release_shared|Win32
		{5A299876-BF4E-37B9-922D-4E6FC1FA9520}.release_shared|Win32.Build.0 = release_shared|Win32
		{5A299876-BF4E-37B9-922D-4E6FC1FA9520}.release_shared|Win32.Deploy.0 = release_shared|Win32
		{5A299876-BF4E-37B9-922D-4E6FC1FA9520}.release_static_md|Win32.ActiveCfg = release_static_md|Win32
		{5A299876-BF4E-37B9-922D-4E6FC1FA9520}.release_static_md|Win32.Build.0 = release_static_md|Win32
		{5A299876-BF4E-37B9-922D-4E6FC1FA9520}.release_static_md|Win32.Deploy.0 = release_static_md|Win32
		{5A299876-BF4E-37B9-922D-4E6FC1FA9520}.release_static_mt|Win32.ActiveCfg = release_static_mt|Win32
		{5A299876-BF4E-37B9-922D-4E6FC1FA9520}.release_static_mt|Win32.Build.0 = release_static_mt|Win32
		{5A299876-BF4E-37B9-922D-4E6FC1FA9520}.release_static_mt|Win32.Deploy.0 = release_static_mt|Win32
		{A140D236-D64B-370A-A7E7-3000725D9869}.debug_shared|Win32.ActiveCfg = debug_shared|Win32
		{A140D236-D64B-370A-A7E7-3000725D9869}.debug_shared|Win32.Build.0 = debug_shared|Win32
		{A140D236-D64B-370A-A7E7-3000725D9869}.debug_shared|Win32.Deploy.0 = debug_shared|Win32
		{A140D236-D64B-370A-A7E7-3000725D9869}.debug_static_md|Win32.ActiveCfg = debug_static_md|Win32
		{A140D236-D64B-370A-A7E7-3000725D9869}.debug_static_md|Win32.Build.0 = debug_static_md|Win32
		{A140D236-D64B-370A-A7E7-3000725D9869}.debug_static_md|Win32.Deploy.0 = debug_static_md|Win32
		{A140D236-D64B-370A-A7E7-3000725D9869}.debug_static_mt|Win32.ActiveCfg = debug_static_mt|Win32
		{A140D236-D64B-370A-A7E7-3000725D9869}.debug_static_mt|Win32.Build.0 = debug_static_mt|Win32
		{A140D236-D64B-370A-A7E7-3000725D9869}.debug_static_mt|Win32.Deploy.0 = debug_static_mt|Win32
		{A140D236-D64B-370A-A7E7-3000725D9869}.release_shared|Win32.ActiveCfg = release_shared|Win32
		{A140D236-D64B-370A-A7E7-3000725D9869}.release_shared|Win32.Build.0 = release_shared|Win32
		{A140D236-D64B-370A-A7E7-3000725D9869}.release_shared|Win32.Deploy.0 = release_shared|Win32
		{A140D236-D64B-370A-A7E7-3000725D9869}.release_static_md|Win32.ActiveCfg = release_static_md|Win32
		{A140D236-D64B-370A-A7E7-3000725D9869}.release_static_md|Win32.Build.0 = release_static_md|Win32
		{A140D236-D64B-370A-A7E7-3000725D9869}.release_static_md|Win32.Deploy.0 = release_static_md|Win32
		{A140D236-D64B-370A-A7E7-3000725D9869}.release_static_mt|Win32.ActiveCfg = release_static_mt|Win32
		{A140D236-D64B-370A-A7E7-3000725D9869}.release_static_mt|Win32.Build.0 = release_static_mt|Win32
		{A140D236-D64B-370A-A7E7-3000725D9869}.release_static_mt|Win32.Deploy.0 = release_static_mt|Win32
		{18A0143A-444A-38E3-838C-1ACFBE4EE18C}.debug_shared|Win32.ActiveCfg = debug_shared|Win32
		{18A0143A-444A-38E3-838C-1ACFBE4EE18C}.debug_shared|Win32.Build.0 = debug_shared|Win32
		{18A0143A-444A-38E3-838C-1ACFBE4EE18C}.debug_shared|Win32.Deploy.0 = debug_shared|Win32
		{18A0143A-444A-38E3-838C-1ACFBE4EE18C}.debug_static_md|Win32.ActiveCfg = debug_static_md|Win32
		{18A0143A-444A-38E3-838C-1ACFBE4EE18C}.debug_static_md|Win32.Build.0 = debug_static_md|Win32
		{18A0143A-444A-38E3-838C-1ACFBE4EE18C}.debug_static_md|Win32.Deploy.0 = debug_static_md|Win32
		{18A0143A-444A-38E3-838C-1ACFBE4EE18C}.debug_static_mt|Win32.ActiveCfg = debug_static_mt|Win32
		{18A0143A-444A-38E3-838C-1ACFBE4EE18C}.debug_static_mt|Win32.Build.0 = debug_static_mt|Win32
		{18A0143A-444A-38E3-838C-1ACFBE4EE18C}.debug_static_mt|Win32.Deploy.0 = debug_static_mt|Win32
		{18A0143A-444A-38E3-838C-1ACFBE4EE18C}.release_shared|Win32.ActiveCfg = release_shared|Win32
		{18A0143A-444A-38E3-838C-1ACFBE4EE18C}.release_shared|Win32.Build.0 = release_shared|Win32
		{18A0143A-444A-38E3-838C-1ACFBE4EE18C}.release_shared|Win32.Deploy.0 = release_shared|Win32
		{18A0143A-444A-38E3-838C-1ACFBE4EE18C}.release_static_md|Win32.ActiveCfg = release_static_md|Win32
		{18A0143A-444A-38E3-838C-1ACFBE4EE18C}.release_static_md|Win32.Build.0 = release_static_md|Win32
		{18A0143A-444A-38E3-838C-1ACFBE4EE18C}.release_static_md|Win32.Deploy.0 = release_static_md|Win32
		{18A0143A-444A-38E3-838C-1ACFBE4EE18C}.release_static_mt|Win32.ActiveCfg = release_static_mt|Win32
		{18A0143A-444A-38E3-838C-1ACFBE4EE18C}.release_static_mt|Win32.Build.0 = release_static_mt|Win32
		{18A0143A-444A-38E3-838C-1ACFBE4EE18C}.release_static_mt|Win32.Deploy.0 = release_static_mt|Win32
		{BF75C029-EFC9-3A0F-A8F2-8001C11D1FBA}.debug_shared|Win32.ActiveCfg = debug_shared|Win32
		{BF75C029-EFC9-3A0F-A8F2-8001C11D1FBA}.debug_shared|Win32.Build.0 = debug_shared|Win32
		{BF75C029-EFC9-3A0F-A8F2-8001C11D1FBA}.debug_shared|Win32.Deploy.0 = debug_shared|Win32
		{BF75C029-EFC9-3A0F-A8F2-8001C11D1FBA}.debug_static_md|Win32.ActiveCfg = debug_static_md|Win32
		{BF75C029-EFC9-3A0F-A8F2-8001C11D1FBA}.debug_static_md|Win32.Build.0 = debug_static_md|Win32
		{BF75C029-EFC9-3A0F-A8F2-8001C11D1FBA}.debug_static_md|Win32.Deploy.0 = debug_static_md|Win32
		{BF75C029-EFC9-3A0F-A8F2-8001C11D1FBA}.debug_static_mt|Win32.ActiveCfg = debug_static_mt|Win32
		{BF75C029-EFC9-3A0F-A8F2-8001C11D1FBA}.debug_static_mt|Win32.Build.0 = debug_static_mt|Win32
		{BF75C029-EFC9-3A0F-A8F2-8001C11D1FBA}.debug_static_mt|Win32.Deploy.0 = debug_static_mt|Win32
		{BF75C029-EFC9-3A0F-A8F2-8001C11D1FBA}.release_shared|Win32.ActiveCfg = release_shared|Win32
		{BF75C029-EFC9-3A0F-A8F2-8001C11D1FBA}.release_shared|Win32.Build.0 = release_shared|Win32
		{BF75C029-EFC9-3A0F-A8F2-8001C11D1FBA}.release_shared|Win32.Deploy.0 = release_shared|Win32
		{BF75C029-EFC9-3A0F-A8F2-8001C11D1FBA}.release_static_md|Win32.ActiveCfg = release_static_md|Win32
		{BF75C029-EFC9-3A0F-A8F2-8001C11D1FBA}.release_static_md|Win32.Build.0 = release_static_md|Win32
		{BF75C029-EFC9-3A0F-A8F2-8001C11D1FBA}.release_static_md|Win32.Deploy.0 = release_static_md|Win32
		{BF75C029-EFC9-3A0F-A8F2-8001C11D1FBA}.release_static_mt|Win32.ActiveCfg = release_static_mt|Win32
		{BF75C029-EFC9-3A0F-A8F2-8001C11D1FBA}.release_static_mt|Win32.Build.0 = release_static_mt|Win32
		{BF75C029-EFC9-3A0F-A8F2-8001C11D1FBA}.release_static_mt|Win32.Deploy.0 = release_static_mt|Win32
		{154EC2E2-A1CC-3F3E-9BAA-8134DF82B0B5}.debug_shared|Win32.ActiveCfg = debug_shared|Win32
		{154EC2E2-A1CC-3F3E-9BAA-8134DF82B0B5}.debug_shared|Win32.Build.0 = debug_shared|Win32
		{154EC2E2-A1CC-3F3E-9BAA-8134DF82B0B5}.debug_shared|Win32.Deploy.0 = debug_shared|Win32
		{154EC2E2-A1CC-3F3E-9BAA-8134DF82B0B5}.debug_static_md|Win32.ActiveCfg = debug_static_md|Win32
		{154EC2E2-A1CC-3F3E-9BAA-8134DF82B0B5}.debug_static_md|Win32.Build.0 = debug_static_md|Win32
		{154EC2E2-A1CC-3F3E-9BAA-8134DF82B0B5}.debug_static_md|Win32.Deploy.0 = debug_static_md|Win32
		{154EC2E2-A1CC-3F3E-9BAA-8134DF82B0B5}.debug_static_mt|Win32.ActiveCfg = debug_static_mt|Win32
		{154EC2E2-A1CC-3F3E-9BAA-8134DF82B0B5}.debug_static_mt|Win32.Build.0 = debug_static_mt|Win32
		{154EC2E2-A1CC-3F3E-9BAA-8134DF82B0B5}.debug_static_mt|Win32.Deploy.0 = debug_static_mt|Win32
		{154EC2E2-A1CC-3F3E-9BAA-8134DF82B0B5}.release_shared|Win32.ActiveCfg = release_shared|Win32
		{154EC2E2-A1CC-3F3E-9BAA-8134DF82B0B5}.release_shared|Win32.Build.0 = release_shared|Win32
		{154EC2E2-A1CC-3F3E-9BAA-8134DF82B0B5}.release_shared|Win32.Deploy.0 = release_shared|Win32
		{154EC2E2-A1CC-3F3E-9BAA-8134DF82B0B5}.release_static_md|Win32.ActiveCfg = release_static_md|Win32
		{154EC2E2-A1CC-3F3E-9BAA-8134DF82B0B5}.release_static_md|Win32.Build.0 = release_static_md|Win32
		{154EC2E2-A1CC-3F3E-9BAA-8134DF82B0B5}.release_static_md|Win32.Deploy.0 = release_static_md|Win32
		{154EC2E2-A1CC-3F3E-9BAA-8134DF82B0B5}.release_static_mt|Win32.ActiveCfg = release_static_mt|Win32
		{154EC2E2-A1CC-3F3E-9BAA-8134DF82B0B5}.release_static_mt|Win32.Build.0 = release_static_mt|Win32
		{154EC2E2-A1CC-3F3E-9BAA-8134DF82B0B5}.release_static_mt|Win32.Deploy.0 = release_static_mt|Win32
		{59EDFD20-9968-30F7-9532-44C08DA58C6E}.debug_shared|Win32.ActiveCfg = debug_shared|Win32
		{59EDFD20-9968-30F7-9532-44C08DA58C6E}.debug_shared|Win32.Build.0 = debug_shared|Win32
		{59EDFD20-9968-30F7-9532-44C08DA58C6E}.debug_shared|Win32.Deploy.0 = debug_shared|Win32
		{59EDFD20-9968-30F7-9532-44C08DA58C6E}.debug_static_md|Win32.ActiveCfg = debug_static_md|Win32
		{59EDFD20-9968-30F7-9532-44C08DA58C6E}.debug_static_md|Win32.Build.0 = debug_static_md|Win32
		{59EDFD20-9968-30F7-9532-44C08DA58C6E}.debug_static_md|Win32.Deploy.0 = debug_static_md|Win32
		{59EDFD20-9968-30F7-9532-44C08DA58C6E}.debug_static_mt|Win32.ActiveCfg = debug_static_mt|Win32
		{59EDFD20-9968-30F7-9532-44C08DA58C6E}.debug_static_mt|Win32.Build.0 = debug_static_mt|Win32
		{59EDFD20-9968-30F7-9532-44C08DA58C6E}.debug_static_mt|Win32.Deploy.0 = debug_static_mt|Win32
		{59EDFD20-9968-30F7-9532-44C08DA58C6E}.release_shared|Win32.ActiveCfg = release_shared|Win32
		{59EDFD20-9968-30F7-9532-44C08DA58C6E}.release_shared|Win32.Build.0 = release_shared|Win32
		{59EDFD20-9968-30F7-9532-44C08DA58C6E}.release_shared|Win32.Deploy.0 = release_shared|Win32
		{59EDFD20-9968-30F7-9532-44C08DA58C6E}.release_static_md|Win32.ActiveCfg = release_static_md|Win32
		{59EDFD20-9968-30F7-9532-44C08DA58C6E}.release_static_md|Win32.Build.0 = release_static_md|Win32
		{59EDFD20-9968-30F7-9532-44C08DA58C6E}.release_static_md|Win32.Deploy.0 = release_static_md|Win32
		{59EDFD20-9968-30F7-9532-44C08DA58C6E}.release_static_mt|Win32.ActiveCfg = release_static_mt|Win32
		{59EDFD20-9968-30F7-9532-44C08DA58C6E}.release_static_mt|Win32.Build.0 = release_static_mt|Win32
		{59EDFD20-9968-30F7-9532-44C08DA58C6E}.release_static_mt|Win32.Deploy.0 = release_static_mt|Win32
		{CCDD82BC-680D-39C0-AE25-1FBC5B615F7E}.debug_shared|Win32.ActiveCfg = debug_shared|Win32
		{CCDD82BC-680D-39C0-AE25-1FBC5B615F7E}.debug_shared|Win32.Build.0 = debug_shared|Win32
		{CCDD82BC-680D-39C0-AE25-1FBC5B615F7E}.debug_shared|Win32.Deploy.0 = debug_shared|Win32
		{CCDD82BC-680D-39C0-AE25-1FBC5B615F7E}.debug_static_md|Win32.ActiveCfg = debug_static_md|Win32
		{CCDD82BC-680D-39C0-AE25-1FBC5B615F7E}.debug_static_md|Win32.Build.0 = debug_static_md|Win32
		{CCDD82BC-680D-39C0-AE25-1FBC5B615F7E}.debug_static_md|Win32.Deploy.0 = debug_static_md|Win32
		{CCDD82BC-680D-39C0-AE25-1FBC5B615F7E}.debug_static_mt|Win32.ActiveCfg = debug_static_mt|Win32
		{CCDD82BC-680D-39C0-AE25-1FBC5B615F7E}.debug_static_mt|Win32.Build.0 = debug_static_mt|Win32
		{CCDD82BC-680D-39C0-AE25-1FBC5B615F7E}.debug_static_mt|Win32.Deploy.0 = debug_static_mt|Win32
		{CCDD82BC-680D-39C0-AE25-1FBC5B615F7E}.release_shared|Win32.ActiveCfg = release_shared|Win32
		{CCDD82BC-680D-39C0-AE25-1FBC5B615F7E}.release_shared|Win32.Build.0 = release_shared|Win32
		{CCDD82BC-680D-39C0-AE25-1FBC5B615F7E}.release_shared|Win32.Deploy.0 = release_shared|Win32
		{CCDD82BC-680D-39C0-AE25-1FBC5B615F7E}.release_static_md|Win32.ActiveCfg = release_static_md|Win32
		{CCDD82BC-680D-39C0-AE25-1FBC5B615F7E}.release_static_md|Win32.Build.0 = release_static_md|Win32
		{CCDD82BC-680D-39C0-AE25-1FBC5B615F7E}.release_static_md|Win32.Deploy.0 = release_static_md|Win32
		{CCDD82BC-680D-39C0-AE25-1FBC5B615F7E}.release_static_mt|Win32.ActiveCfg = release_static_mt|Win32
		{CCDD82BC-680D-39C0-AE25-1FBC5B615F7E}.release_static_mt|Win32.Build.0 = release_static_mt|Win32
		{CCDD82BC-680D-39C0-AE25-1FBC5B615F7E}.release_static_mt|Win32.Deploy.0 = release_static_mt|Win32
		{0DC40FE3-6C42-365E-8DAB-899C50ECFB1C}.debug_shared|Win32.ActiveCfg = debug_shared|Win32
		{0DC40FE3-6C42-365E-8DAB-899C50ECFB1C}.debug_shared|Win32.Build.0 = debug_shared|Win32
		{0DC40FE3-6C42-365E-8DAB-899C50ECFB1C}.debug_shared|Win32.Deploy.0 = debug_shared|Win32
		{0DC40FE3-6C42-365E-8DAB-899C50ECFB1C}.debug_static_md|Win32.ActiveCfg = debug_static_md|Win32
		{0DC40FE3-6C42-365E-8DAB-899C50ECFB1C}.debug_static_md|Win32.Build.0 = debug_static_md|Win32
		{0DC40FE3-6C42-365E-8DAB-899C50ECFB1C}.debug_static_md|Win32.Deploy.0 = debug_static_md|Win32
		{0DC40FE3-6C42-365E-8DAB-899C50ECFB1C}.debug_static_mt|Win32.ActiveCfg = debug_static_mt|Win32
		{0DC40FE3-6C42-365E-8DAB-899C50ECFB1C}.debug_static_mt|Win32.Build.0 = debug_static_mt|Win32
		{0DC40FE3-6C42-365E-8DAB-899C50ECFB1C}.debug_static_mt|Win32.Deploy.0 = debug_static_mt|Win32
		{0DC40FE3-6C42-365E-8DAB-899C50ECFB1C}.release_shared|Win32.ActiveCfg = release_shared|Win32
		{0DC40FE3-6C42-365E-8DAB-899C50ECFB1C}.release_shared|Win32.Build.0 = release_shared|Win32
		{0DC40FE3-6C42-365E-8DAB-899C50ECFB1C}.release_shared|Win32.Deploy.0 = release_shared|Win32
		{0DC40FE3-6C42-365E-8DAB-899C50ECFB1C}.release_static_md|Win32.ActiveCfg = release_static_md|Win32
		{0DC40FE3-6C42-365E-8DAB-899C50ECFB1C}.release_static_md|Win32.Build.0 = release_static_md|Win32
		{0DC40FE3-6C42-365E-8DAB-899C50ECFB1C}.release_static_md|Win32.Deploy.0 = release_static_md|Win32
		{0DC40FE3-6C42-365E-8DAB-899C50ECFB1C}.release_static_mt|Win32.ActiveCfg = release_static_mt|Win32
		{0DC40FE3-6C42-365E-8DAB-899C50ECFB1C}.release_static_mt|Win32.Build.0 = release_static_mt|Win32
		{0DC40FE3-6C42-365E-8DAB-899C50ECFB1C}.release_static_mt|Win32.Deploy.0 = release_static_mt|Win32
		{B057A1FE-09F7-465E-B8B5-E1B659051D76}.debug_shared|Win32.ActiveCfg = debug_shared|Win32
		{B057A1FE-09F7-465E-B8B5-E1B659051D76}.debug_shared|Win32.Build.0 = debug_shared|Win32
		{B057A1FE-09F7-465E-B8B5-E1B659051D76}.debug_static_md|Win32.ActiveCfg = debug_static_md|Win32
		{B057A1FE-09F7-465E-B8B5-E1B659051D76}.debug_static_md|Win32.Build.0 = debug_static_md|Win32
		{B057A1FE-09F7-465E-B8B5-E1B659051D76}.debug_static_mt|Win32.ActiveCfg = debug_static_mt|Win32
		{B057A1FE-09F7-465E-B8B5-E1B659051D76}.debug_static_mt|Win32.Build.0 = debug_static_mt|Win32
		{B057A1FE-09F7-465E-B8B5-E1B659051D76}.release_shared|Win32.ActiveCfg = release_shared|Win32
		{B057A1FE-09F7-465E-B8B5-E1B659051D76}.release_shared|Win32.Build.0 = release_shared|Win32
		{B057A1FE-09F7-465E-B8B5-E1B659051D76}.release_static_md|Win32.ActiveCfg = release_static_md|Win32
		{B057A1FE-09F7-465E-B8B5-E1B659051D76}.release_static_md|Win32.Build.0 = release_static_md|Win32
		{B057A1FE-09F7-465E-B8B5-E1B659051D76}.release_static_mt|Win32.ActiveCfg = release_static_mt|Win32
		{B057A1FE-09F7-465E-B8B5-E1B659051D76}.release_static_mt|Win32.Build.0 = release_static_mt|Win32
		{8164D41D-B053-405B-826C-CF37AC0EF176}.debug_shared|Win32.ActiveCfg = debug_shared|Win32
		{8164D41D-B053-405B-826C-CF37AC0EF176}.debug_shared|Win32.Build.0 = debug_shared|Win32
		{8164D41D-B053-405B-826C-CF37AC0EF176}.debug_static_md|Win32.ActiveCfg = debug_static_md|Win32
		{8164D41D-B053-405B-826C-CF37AC0EF176}.debug_static_md|Win32.Build.0 = debug_static_md|Win32
		{8164D41D-B053-405B-826C-CF37AC0EF176}.debug_static_mt|Win32.ActiveCfg = debug_static_mt|Win32
		{8164D41D-B053-405B-826C-CF37AC0EF176}.debug_static_mt|Win32.Build.0 = debug_static_mt|Win32
		{8164D41D-B053-405B-826C-CF37AC0EF176}.release_shared|Win32.ActiveCfg = release_shared|Win32
		{8164D41D-B053-405B-826C-CF37AC0EF176}.release_shared|Win32.Build.0 = release_shared|Win32
		{8164D41D-B053-405B-826C-CF37AC0EF176}.release_static_md|Win32.ActiveCfg = release_static_md|Win32
		{8164D41D-B053-405B-826C-CF37AC0EF176}.release_static_md|Win32.Build.0 = release_static_md|Win32
		{8164D41D-B053-405B-826C-CF37AC0EF176}.release_static_mt|Win32.ActiveCfg = release_static_mt|Win32
		{8164D41D-B053-405B-826C-CF37AC0EF176}.release_static_mt|Win32.Build.0 = release_static_mt|Win32
		{6FF56CDB-787A-4714-A28C-919003F9FA6C}.debug_shared|Win32.ActiveCfg = debug_shared|Win32
		{6FF56CDB-787A-4714-A28C-919003F9FA6C}.debug_shared|Win32.Build.0 = debug_shared|Win32
		{6FF56CDB-787A-4714-A28C-919003F9FA6C}.debug_static_md|Win32.ActiveCfg = debug_static_md|Win32
		{6FF56CDB-787A-4714-A28C-919003F9FA6C}.debug_static_md|Win32.Build.0 = debug_static_md|Win32
		{6FF56CDB-787A-4714-A28C-919003F9FA6C}.debug_static_mt|Win32.ActiveCfg = debug_static_mt|Win32
		{6FF56CDB-787A-4714-A28C-919003F9FA6C}.debug_static_mt|Win32.Build.0 = debug_static_mt|Win32
		{6FF56CDB-787A-4714-A28C-919003F9FA6C}.release_shared|Win32.ActiveCfg = release_shared|Win32
		{6FF56CDB-787A-4714-A28C-919003F9FA6C}.release_shared|Win32.Build.0 = release_shared|Win32
		{6FF56CDB-787A-4714-A28C-919003F9FA6C}.release_static_md|Win32.ActiveCfg = release_static_md|Win32
		{6FF56CDB-787A-4714-A28C-919003F9FA6C}.release_static_md|Win32.Build.0 = release_static_md|Win32
		{6FF56CDB-787A-4714-A28C-919003F9FA6C}.release_static_mt|Win32.ActiveCfg = release_static_mt|Win32
		{6FF56CDB-787A-4714-A28C-919003F9FA6C}.release_static_mt|Win32.Build.0 = release_static_mt|Win32
		{2C5E46B8-A407-4A70-80A9-41922D16681E}.debug_shared|Win32.ActiveCfg = debug_shared|Win32
		{2C5E46B8-A407-4A70-80A9-41922D16681E}.debug_shared|Win32.Build.0 = debug_shared|Win32
		{2C5E46B8-A407-4A70-80A9-41922D16681E}.debug_static_md|Win32.ActiveCfg = debug_static_md|Win32
		{2C5E46B8-A407-4A70-80A9-41922D16681E}.debug_static_md|Win32.Build.0 = debug_static_md|Win32
		{2C5E46B8-A407-4A70-80A9-41922D16681E}.debug_static_mt|Win32.ActiveCfg = debug_static_mt|Win32
		{2C5E46B8-A407-4A70-80A9-41922D16681E}.debug_static_mt|Win32.Build.0 = debug_static_mt|Win32
		{2C5E46B8-A407-4A70-80A9-41922D16681E}.release_shared|Win32.ActiveCfg = release_shared|Win32
		{2C5E46B8-A407-4A70-80A9-41922D16681E}.release_shared|Win32.Build.0 = release_shared|Win32
		{2C5E46B8-A407-4A70-80A9-41922D16681E}.release_static_md|Win32.ActiveCfg = release_static_md|Win32
		{2C5E46B8-A407-4A70-80A9-41922D16681E}.release_static_md|Win32.Build.0 = release_static_md|Win32
		{2C5E46B8-A407-4A70-80A9-41922D16681E}.release_static_mt|Win32.ActiveCfg = release_static_mt|Win32
		{2C5E46B8-A407-4A70-80A9-41922D16681E}.release_static_mt|Win32.Build.0 = release_static_mt|Win32
	EndGlobalSection
	GlobalSection(SolutionProperties) = preSolution
		HideSolutionNode = FALSE
	EndGlobalSection
	GlobalSection(NestedProjects) = preSolution
		{7A3B02DA-501F-4376-9064-F277D4BE8AB0} = {DBDF0755-EE27-4968-804D-5037E633B5B8}
		{2C5E46B8-A407-4A70-80A9-41922D16681E} = {DBDF0755-EE27-4968-804D-5037E633B5B8}
		{90F24341-F59F-385F-A8D6-66AB377FF033} = {7A3B02DA-501F-4376-9064-F277D4BE8AB0}
		{0DC40FE3-6C42-365E-8DAB-899C50ECFB1C} = {7A3B02DA-501F-4376-9064-F277D4BE8AB0}
		{D853F3D6-0D6F-3E8E-82C7-4216D7A21C4D} = {7A3B02DA-501F-4376-9064-F277D4BE8AB0}
		{5074CE3E-05F5-31BA-BA79-1AD54C3416F7} = {7A3B02DA-501F-4376-9064-F277D4BE8AB0}
		{8164D41D-B053-405B-826C-CF37AC0EF176} = {7A3B02DA-501F-4376-9064-F277D4BE8AB0}
		{19B162EB-DDAA-37BA-AE93-7FDED89274DE} = {7A3B02DA-501F-4376-9064-F277D4BE8AB0}
		{5A299876-BF4E-37B9-922D-4E6FC1FA9520} = {7A3B02DA-501F-4376-9064-F277D4BE8AB0}
		{A140D236-D64B-370A-A7E7-3000725D9869} = {7A3B02DA-501F-4376-9064-F277D4BE8AB0}
		{18A0143A-444A-38E3-838C-1ACFBE4EE18C} = {7A3B02DA-501F-4376-9064-F277D4BE8AB0}
		{BF75C029-EFC9-3A0F-A8F2-8001C11D1FBA} = {7A3B02DA-501F-4376-9064-F277D4BE8AB0}
		{B057A1FE-09F7-465E-B8B5-E1B659051D76} = {7A3B02DA-501F-4376-9064-F277D4BE8AB0}
		{154EC2E2-A1CC-3F3E-9BAA-8134DF82B0B5} = {7A3B02DA-501F-4376-9064-F277D4BE8AB0}
		{59EDFD20-9968-30F7-9532-44C08DA58C6E} = {7A3B02DA-501F-4376-9064-F277D4BE8AB0}
		{CCDD82BC-680D-39C0-AE25-1FBC5B615F7E} = {7A3B02DA-501F-4376-9064-F277D4BE8AB0}
		{6FF56CDB-787A-4714-A28C-919003F9FA6C} = {7A3B02DA-501F-4376-9064-F277D4BE8AB0}
	EndGlobalSection
EndGlobal
