
Microsoft Visual Studio Solution File, Format Version 10.00
# Visual Studio 2008
Project("{54435603-DBB4-11D2-8724-00A0C9A8B90C}") = "PacketGenerator_Install", "PacketGenerator_Install.vdproj", "{25B97B97-1718-4009-8878-25677528807E}"
EndProject
Global
	GlobalSection(SolutionConfigurationPlatforms) = preSolution
		Debug|Default = Debug|Default
		Release|Default = Release|Default
	EndGlobalSection
	GlobalSection(ProjectConfigurationPlatforms) = postSolution
		{25B97B97-1718-4009-8878-25677528807E}.Debug|Default.ActiveCfg = Debug
		{25B97B97-1718-4009-8878-25677528807E}.Debug|Default.Build.0 = Debug
		{25B97B97-1718-4009-8878-25677528807E}.Release|Default.ActiveCfg = Release
		{25B97B97-1718-4009-8878-25677528807E}.Release|Default.Build.0 = Release
	EndGlobalSection
	GlobalSection(SolutionProperties) = preSolution
		HideSolutionNode = FALSE
	EndGlobalSection
EndGlobal
